// !$*UTF8*$!
{
	archiveVersion = 1;
	classes = {
	};
	objectVersion = 46;
	objects = {

/* Begin PBXBuildFile section */
		06E2F30E1DA2F6F100D07145 /* AppDelegate.swift in Sources */ = {isa = PBXBuildFile; fileRef = 06E2F30D1DA2F6F100D07145 /* AppDelegate.swift */; };
		06E2F3101DA2F6F100D07145 /* ViewController.swift in Sources */ = {isa = PBXBuildFile; fileRef = 06E2F30F1DA2F6F100D07145 /* ViewController.swift */; };
		06E2F3131DA2F6F100D07145 /* Main.storyboard in Resources */ = {isa = PBXBuildFile; fileRef = 06E2F3111DA2F6F100D07145 /* Main.storyboard */; };
		06E2F3151DA2F6F100D07145 /* Assets.xcassets in Resources */ = {isa = PBXBuildFile; fileRef = 06E2F3141DA2F6F100D07145 /* Assets.xcassets */; };
		06E2F3181DA2F6F100D07145 /* LaunchScreen.storyboard in Resources */ = {isa = PBXBuildFile; fileRef = 06E2F3161DA2F6F100D07145 /* LaunchScreen.storyboard */; };
		06E2F3201DA2FC5E00D07145 /* Dubai.jpg in Resources */ = {isa = PBXBuildFile; fileRef = 06E2F31F1DA2FC5E00D07145 /* Dubai.jpg */; };
/* End PBXBuildFile section */

/* Begin PBXFileReference section */
		06E2F30A1DA2F6F100D07145 /* ImageFilters.app */ = {isa = PBXFileReference; explicitFileType = wrapper.application; includeInIndex = 0; path = ImageFilters.app; sourceTree = BUILT_PRODUCTS_DIR; };
		06E2F30D1DA2F6F100D07145 /* AppDelegate.swift */ = {isa = PBXFileReference; lastKnownFileType = sourcecode.swift; path = AppDelegate.swift; sourceTree = "<group>"; };
		06E2F30F1DA2F6F100D07145 /* ViewController.swift */ = {isa = PBXFileReference; lastKnownFileType = sourcecode.swift; path = ViewController.swift; sourceTree = "<group>"; };
		06E2F3121DA2F6F100D07145 /* Base */ = {isa = PBXFileReference; lastKnownFileType = file.storyboard; name = Base; path = Base.lproj/Main.storyboard; sourceTree = "<group>"; };
		06E2F3141DA2F6F100D07145 /* Assets.xcassets */ = {isa = PBXFileReference; lastKnownFileType = folder.assetcatalog; path = Assets.xcassets; sourceTree = "<group>"; };
		06E2F3171DA2F6F100D07145 /* Base */ = {isa = PBXFileReference; lastKnownFileType = file.storyboard; name = Base; path = Base.lproj/LaunchScreen.storyboard; sourceTree = "<group>"; };
		06E2F3191DA2F6F100D07145 /* Info.plist */ = {isa = PBXFileReference; lastKnownFileType = text.plist.xml; path = Info.plist; sourceTree = "<group>"; };
		06E2F31F1DA2FC5E00D07145 /* Dubai.jpg */ = {isa = PBXFileReference; lastKnownFileType = image.jpeg; path = Dubai.jpg; sourceTree = "<group>"; };
/* End PBXFileReference section */

/* Begin PBXFrameworksBuildPhase section */
		06E2F3071DA2F6F100D07145 /* Frameworks */ = {
			isa = PBXFrameworksBuildPhase;
			buildActionMask = 2147483647;
			files = (
			);
			runOnlyForDeploymentPostprocessing = 0;
		};
/* End PBXFrameworksBuildPhase section */

/* Begin PBXGroup section */
		06E2F3011DA2F6F100D07145 = {
			isa = PBXGroup;
			children = (
				06E2F30C1DA2F6F100D07145 /* ImageFilters */,
				06E2F30B1DA2F6F100D07145 /* Products */,
			);
			sourceTree = "<group>";
		};
		06E2F30B1DA2F6F100D07145 /* Products */ = {
			isa = PBXGroup;
			children = (
				06E2F30A1DA2F6F100D07145 /* ImageFilters.app */,
			);
			name = Products;
			sourceTree = "<group>";
		};
		06E2F30C1DA2F6F100D07145 /* ImageFilters */ = {
			isa = PBXGroup;
			children = (
				06E2F31F1DA2FC5E00D07145 /* Dubai.jpg */,
				06E2F30D1DA2F6F100D07145 /* AppDelegate.swift */,
				06E2F30F1DA2F6F100D07145 /* ViewController.swift */,
				06E2F3111DA2F6F100D07145 /* Main.storyboard */,
				06E2F3141DA2F6F100D07145 /* Assets.xcassets */,
				06E2F3161DA2F6F100D07145 /* LaunchScreen.storyboard */,
				06E2F3191DA2F6F100D07145 /* Info.plist */,
			);
			path = ImageFilters;
			sourceTree = "<group>";
		};
/* End PBXGroup section */

/* Begin PBXNativeTarget section */
		06E2F3091DA2F6F100D07145 /* ImageFilters */ = {
			isa = PBXNativeTarget;
			buildConfigurationList = 06E2F31C1DA2F6F100D07145 /* Build configuration list for PBXNativeTarget "ImageFilters" */;
			buildPhases = (
				06E2F3061DA2F6F100D07145 /* Sources */,
				06E2F3071DA2F6F100D07145 /* Frameworks */,
				06E2F3081DA2F6F100D07145 /* Resources */,
			);
			buildRules = (
			);
			dependencies = (
			);
			name = ImageFilters;
			productName = ImageFilters;
			productReference = 06E2F30A1DA2F6F100D07145 /* ImageFilters.app */;
			productType = "com.apple.product-type.application";
		};
/* End PBXNativeTarget section */

/* Begin PBXProject section */
		06E2F3021DA2F6F100D07145 /* Project object */ = {
			isa = PBXProject;
			attributes = {
				LastSwiftUpdateCheck = 0800;
				LastUpgradeCheck = 0800;
				ORGANIZATIONNAME = "Hossam Ghareeb";
				TargetAttributes = {
					06E2F3091DA2F6F100D07145 = {
						CreatedOnToolsVersion = 8.0;
						DevelopmentTeam = 3Q27BC9WV8;
						ProvisioningStyle = Automatic;
					};
				};
			};
			buildConfigurationList = 06E2F3051DA2F6F100D07145 /* Build configuration list for PBXProject "ImageFilters" */;
			compatibilityVersion = "Xcode 3.2";
			developmentRegion = English;
			hasScannedForEncodings = 0;
			knownRegions = (
				en,
				Base,
			);
			mainGroup = 06E2F3011DA2F6F100D07145;
			productRefGroup = 06E2F30B1DA2F6F100D07145 /* Products */;
			projectDirPath = "";
			projectRoot = "";
			targets = (
				06E2F3091DA2F6F100D07145 /* ImageFilters */,
			);
		};
/* End PBXProject section */

/* Begin PBXResourcesBuildPhase section */
		06E2F3081DA2F6F100D07145 /* Resources */ = {
			isa = PBXResourcesBuildPhase;
			buildActionMask = 2147483647;
			files = (
				06E2F3181DA2F6F100D07145 /* LaunchScreen.storyboard in Resources */,
				06E2F3201DA2FC5E00D07145 /* Dubai.jpg in Resources */,
				06E2F3151DA2F6F100D07145 /* Assets.xcassets in Resources */,
				06E2F3131DA2F6F100D07145 /* Main.storyboard in Resources */,
			);
			runOnlyForDeploymentPostprocessing = 0;
		};
/* End PBXResourcesBuildPhase section */

/* Begin PBXSourcesBuildPhase section */
		06E2F3061DA2F6F100D07145 /* Sources */ = {
			isa = PBXSourcesBuildPhase;
			buildActionMask = 2147483647;
			files = (
				06E2F3101DA2F6F100D07145 /* ViewController.swift in Sources */,
				06E2F30E1DA2F6F100D07145 /* AppDelegate.swift in Sources */,
			);
			runOnlyForDeploymentPostprocessing = 0;
		};
/* End PBXSourcesBuildPhase section */

/* Begin PBXVariantGroup section */
		06E2F3111DA2F6F100D07145 /* Main.storyboard */ = {
			isa = PBXVariantGroup;
			children = (
				06E2F3121DA2F6F100D07145 /* Base */,
			);
			name = Main.storyboard;
			sourceTree = "<group>";
		};
		06E2F3161DA2F6F100D07145 /* LaunchScreen.storyboard */ = {
			isa = PBXVariantGroup;
			children = (
				06E2F3171DA2F6F100D07145 /* Base */,
			);
			name = LaunchScreen.storyboard;
			sourceTree = "<group>";
		};
/* End PBXVariantGroup section */

/* Begin XCBuildConfiguration section */
		06E2F31A1DA2F6F100D07145 /* Debug */ = {
			isa = XCBuildConfiguration;
			buildSettings = {
				ALWAYS_SEARCH_USER_PATHS = NO;
				CLANG_ANALYZER_NONNULL = YES;
				CLANG_CXX_LANGUAGE_STANDARD = "gnu++0x";
				CLANG_CXX_LIBRARY = "libc++";
				CLANG_ENABLE_MODULES = YES;
				CLANG_ENABLE_OBJC_ARC = YES;
				CLANG_WARN_BOOL_CONVERSION = YES;
				CLANG_WARN_CONSTANT_CONVERSION = YES;
				CLANG_WARN_DIRECT_OBJC_ISA_USAGE = YES_ERROR;
				CLANG_WARN_DOCUMENTATION_COMMENTS = YES;
				CLANG_WARN_EMPTY_BODY = YES;
				CLANG_WARN_ENUM_CONVERSION = YES;
				CLANG_WARN_INFINITE_RECURSION = YES;
				CLANG_WARN_INT_CONVERSION = YES;
				CLANG_WARN_OBJC_ROOT_CLASS = YES_ERROR;
				CLANG_WARN_SUSPICIOUS_MOVES = YES;
				CLANG_WARN_UNREACHABLE_CODE = YES;
				CLANG_WARN__DUPLICATE_METHOD_MATCH = YES;
				"CODE_SIGN_IDENTITY[sdk=iphoneos*]" = "iPhone Developer";
				COPY_PHASE_STRIP = NO;
				DEBUG_INFORMATION_FORMAT = dwarf;
				ENABLE_STRICT_OBJC_MSGSEND = YES;
				ENABLE_TESTABILITY = YES;
				GCC_C_LANGUAGE_STANDARD = gnu99;
				GCC_DYNAMIC_NO_PIC = NO;
				GCC_NO_COMMON_BLOCKS = YES;
				GCC_OPTIMIZATION_LEVEL = 0;
				GCC_PREPROCESSOR_DEFINITIONS = (
					"DEBUG=1",
					"$(inherited)",
				);
				GCC_WARN_64_TO_32_BIT_CONVERSION = YES;
				GCC_WARN_ABOUT_RETURN_TYPE = YES_ERROR;
				GCC_WARN_UNDECLARED_SELECTOR = YES;
				GCC_WARN_UNINITIALIZED_AUTOS = YES_AGGRESSIVE;
				GCC_WARN_UNUSED_FUNCTION = YES;
				GCC_WARN_UNUSED_VARIABLE = YES;
				IPHONEOS_DEPLOYMENT_TARGET = 10.0;
				MTL_ENABLE_DEBUG_INFO = YES;
				ONLY_ACTIVE_ARCH = YES;
				SDKROOT = iphoneos;
				SWIFT_ACTIVE_COMPILATION_CONDITIONS = DEBUG;
				SWIFT_OPTIMIZATION_LEVEL = "-Onone";
			};
			name = Debug;
		};
		06E2F31B1DA2F6F100D07145 /* Release */ = {
			isa = XCBuildConfiguration;
			buildSettings = {
				ALWAYS_SEARCH_USER_PATHS = NO;
				CLANG_ANALYZER_NONNULL = YES;
				CLANG_CXX_LANGUAGE_STANDARD = "gnu++0x";
				CLANG_CXX_LIBRARY = "libc++";
				CLANG_ENABLE_MODULES = YES;
				CLANG_ENABLE_OBJC_ARC = YES;
				CLANG_WARN_BOOL_CONVERSION = YES;
				CLANG_WARN_CONSTANT_CONVERSION = YES;
				CLANG_WARN_DIRECT_OBJC_ISA_USAGE = YES_ERROR;
				CLANG_WARN_DOCUMENTATION_COMMENTS = YES;
				CLANG_WARN_EMPTY_BODY = YES;
				CLANG_WARN_ENUM_CONVERSION = YES;
				CLANG_WARN_INFINITE_RECURSION = YES;
				CLANG_WARN_INT_CONVERSION = YES;
				CLANG_WARN_OBJC_ROOT_CLASS = YES_ERROR;
				CLANG_WARN_SUSPICIOUS_MOVES = YES;
				CLANG_WARN_UNREACHABLE_CODE = YES;
				CLANG_WARN__DUPLICATE_METHOD_MATCH = YES;
				"CODE_SIGN_IDENTITY[sdk=iphoneos*]" = "iPhone Developer";
				COPY_PHASE_STRIP = NO;
				DEBUG_INFORMATION_FORMAT = "dwarf-with-dsym";
				ENABLE_NS_ASSERTIONS = NO;
				ENABLE_STRICT_OBJC_MSGSEND = YES;
				GCC_C_LANGUAGE_STANDARD = gnu99;
				GCC_NO_COMMON_BLOCKS = YES;
				GCC_WARN_64_TO_32_BIT_CONVERSION = YES;
				GCC_WARN_ABOUT_RETURN_TYPE = YES_ERROR;
				GCC_WARN_UNDECLARED_SELECTOR = YES;
				GCC_WARN_UNINITIALIZED_AUTOS = YES_AGGRESSIVE;
				GCC_WARN_UNUSED_FUNCTION = YES;
				GCC_WARN_UNUSED_VARIABLE = YES;
				IPHONEOS_DEPLOYMENT_TARGET = 10.0;
				MTL_ENABLE_DEBUG_INFO = NO;
				SDKROOT = iphoneos;
				SWIFT_OPTIMIZATION_LEVEL = "-Owholemodule";
				VALIDATE_PRODUCT = YES;
			};
			name = Release;
		};
		06E2F31D1DA2F6F100D07145 /* Debug */ = {
			isa = XCBuildConfiguration;
			buildSettings = {
				ASSETCATALOG_COMPILER_APPICON_NAME = AppIcon;
				DEVELOPMENT_TEAM = 3Q27BC9WV8;
				INFOPLIST_FILE = ImageFilters/Info.plist;
				LD_RUNPATH_SEARCH_PATHS = "$(inherited) @executable_path/Frameworks";
				PRODUCT_BUNDLE_IDENTIFIER = hossam.ImageFilters;
				PRODUCT_NAME = "$(TARGET_NAME)";
				SWIFT_VERSION = 3.0;
			};
			name = Debug;
		};
		06E2F31E1DA2F6F100D07145 /* Release */ = {
			isa = XCBuildConfiguration;
			buildSettings = {
				ASSETCATALOG_COMPILER_APPICON_NAME = AppIcon;
				DEVELOPMENT_TEAM = 3Q27BC9WV8;
				INFOPLIST_FILE = ImageFilters/Info.plist;
				LD_RUNPATH_SEARCH_PATHS = "$(inherited) @executable_path/Frameworks";
				PRODUCT_BUNDLE_IDENTIFIER = hossam.ImageFilters;
				PRODUCT_NAME = "$(TARGET_NAME)";
				SWIFT_VERSION = 3.0;
			};
			name = Release;
		};
/* End XCBuildConfiguration section */

/* Begin XCConfigurationList section */
		06E2F3051DA2F6F100D07145 /* Build configuration list for PBXProject "ImageFilters" */ = {
			isa = XCConfigurationList;
			buildConfigurations = (
				06E2F31A1DA2F6F100D07145 /* Debug */,
				06E2F31B1DA2F6F100D07145 /* Release */,
			);
			defaultConfigurationIsVisible = 0;
			defaultConfigurationName = Release;
		};
		06E2F31C1DA2F6F100D07145 /* Build configuration list for PBXNativeTarget "ImageFilters" */ = {
			isa = XCConfigurationList;
			buildConfigurations = (
				06E2F31D1DA2F6F100D07145 /* Debug */,
				06E2F31E1DA2F6F100D07145 /* Release */,
			);
			defaultConfigurationIsVisible = 0;
		};
/* End XCConfigurationList section */
	};
	rootObject = 06E2F3021DA2F6F100D07145 /* Project object */;
}
