// !$*UTF8*$!
{
	archiveVersion = 1;
	classes = {
	};
	objectVersion = 46;
	objects = {

/* Begin PBXBuildFile section */
		064837D51D8D79FA00447F21 /* AppDelegate.swift in Sources */ = {isa = PBXBuildFile; fileRef = 064837D41D8D79FA00447F21 /* AppDelegate.swift */; };
		064837D71D8D79FA00447F21 /* ViewController.swift in Sources */ = {isa = PBXBuildFile; fileRef = 064837D61D8D79FA00447F21 /* ViewController.swift */; };
		064837DA1D8D79FA00447F21 /* Main.storyboard in Resources */ = {isa = PBXBuildFile; fileRef = 064837D81D8D79FA00447F21 /* Main.storyboard */; };
		064837DD1D8D79FA00447F21 /* BezierPath.xcdatamodeld in Sources */ = {isa = PBXBuildFile; fileRef = 064837DB1D8D79FA00447F21 /* BezierPath.xcdatamodeld */; };
		064837DF1D8D79FA00447F21 /* Assets.xcassets in Resources */ = {isa = PBXBuildFile; fileRef = 064837DE1D8D79FA00447F21 /* Assets.xcassets */; };
		064837E21D8D79FA00447F21 /* LaunchScreen.storyboard in Resources */ = {isa = PBXBuildFile; fileRef = 064837E01D8D79FA00447F21 /* LaunchScreen.storyboard */; };
/* End PBXBuildFile section */

/* Begin PBXFileReference section */
		064837D11D8D79FA00447F21 /* BezierPath.app */ = {isa = PBXFileReference; explicitFileType = wrapper.application; includeInIndex = 0; path = BezierPath.app; sourceTree = BUILT_PRODUCTS_DIR; };
		064837D41D8D79FA00447F21 /* AppDelegate.swift */ = {isa = PBXFileReference; lastKnownFileType = sourcecode.swift; path = AppDelegate.swift; sourceTree = "<group>"; };
		064837D61D8D79FA00447F21 /* ViewController.swift */ = {isa = PBXFileReference; lastKnownFileType = sourcecode.swift; path = ViewController.swift; sourceTree = "<group>"; };
		064837D91D8D79FA00447F21 /* Base */ = {isa = PBXFileReference; lastKnownFileType = file.storyboard; name = Base; path = Base.lproj/Main.storyboard; sourceTree = "<group>"; };
		064837DC1D8D79FA00447F21 /* BezierPath.xcdatamodel */ = {isa = PBXFileReference; lastKnownFileType = wrapper.xcdatamodel; path = BezierPath.xcdatamodel; sourceTree = "<group>"; };
		064837DE1D8D79FA00447F21 /* Assets.xcassets */ = {isa = PBXFileReference; lastKnownFileType = folder.assetcatalog; path = Assets.xcassets; sourceTree = "<group>"; };
		064837E11D8D79FA00447F21 /* Base */ = {isa = PBXFileReference; lastKnownFileType = file.storyboard; name = Base; path = Base.lproj/LaunchScreen.storyboard; sourceTree = "<group>"; };
		064837E31D8D79FA00447F21 /* Info.plist */ = {isa = PBXFileReference; lastKnownFileType = text.plist.xml; path = Info.plist; sourceTree = "<group>"; };
/* End PBXFileReference section */

/* Begin PBXFrameworksBuildPhase section */
		064837CE1D8D79FA00447F21 /* Frameworks */ = {
			isa = PBXFrameworksBuildPhase;
			buildActionMask = 2147483647;
			files = (
			);
			runOnlyForDeploymentPostprocessing = 0;
		};
/* End PBXFrameworksBuildPhase section */

/* Begin PBXGroup section */
		064837C81D8D79FA00447F21 = {
			isa = PBXGroup;
			children = (
				064837D31D8D79FA00447F21 /* BezierPath */,
				064837D21D8D79FA00447F21 /* Products */,
			);
			sourceTree = "<group>";
		};
		064837D21D8D79FA00447F21 /* Products */ = {
			isa = PBXGroup;
			children = (
				064837D11D8D79FA00447F21 /* BezierPath.app */,
			);
			name = Products;
			sourceTree = "<group>";
		};
		064837D31D8D79FA00447F21 /* BezierPath */ = {
			isa = PBXGroup;
			children = (
				064837D41D8D79FA00447F21 /* AppDelegate.swift */,
				064837D61D8D79FA00447F21 /* ViewController.swift */,
				064837D81D8D79FA00447F21 /* Main.storyboard */,
				064837DE1D8D79FA00447F21 /* Assets.xcassets */,
				064837E01D8D79FA00447F21 /* LaunchScreen.storyboard */,
				064837E31D8D79FA00447F21 /* Info.plist */,
				064837DB1D8D79FA00447F21 /* BezierPath.xcdatamodeld */,
			);
			path = BezierPath;
			sourceTree = "<group>";
		};
/* End PBXGroup section */

/* Begin PBXNativeTarget section */
		064837D01D8D79FA00447F21 /* BezierPath */ = {
			isa = PBXNativeTarget;
			buildConfigurationList = 064837E61D8D79FA00447F21 /* Build configuration list for PBXNativeTarget "BezierPath" */;
			buildPhases = (
				064837CD1D8D79FA00447F21 /* Sources */,
				064837CE1D8D79FA00447F21 /* Frameworks */,
				064837CF1D8D79FA00447F21 /* Resources */,
			);
			buildRules = (
			);
			dependencies = (
			);
			name = BezierPath;
			productName = BezierPath;
			productReference = 064837D11D8D79FA00447F21 /* BezierPath.app */;
			productType = "com.apple.product-type.application";
		};
/* End PBXNativeTarget section */

/* Begin PBXProject section */
		064837C91D8D79FA00447F21 /* Project object */ = {
			isa = PBXProject;
			attributes = {
				LastSwiftUpdateCheck = 0800;
				LastUpgradeCheck = 0800;
				ORGANIZATIONNAME = "Hossam Ghareeb";
				TargetAttributes = {
					064837D01D8D79FA00447F21 = {
						CreatedOnToolsVersion = 8.0;
						DevelopmentTeam = 3Q27BC9WV8;
						ProvisioningStyle = Automatic;
					};
				};
			};
			buildConfigurationList = 064837CC1D8D79FA00447F21 /* Build configuration list for PBXProject "BezierPath" */;
			compatibilityVersion = "Xcode 3.2";
			developmentRegion = English;
			hasScannedForEncodings = 0;
			knownRegions = (
				en,
				Base,
			);
			mainGroup = 064837C81D8D79FA00447F21;
			productRefGroup = 064837D21D8D79FA00447F21 /* Products */;
			projectDirPath = "";
			projectRoot = "";
			targets = (
				064837D01D8D79FA00447F21 /* BezierPath */,
			);
		};
/* End PBXProject section */

/* Begin PBXResourcesBuildPhase section */
		064837CF1D8D79FA00447F21 /* Resources */ = {
			isa = PBXResourcesBuildPhase;
			buildActionMask = 2147483647;
			files = (
				064837E21D8D79FA00447F21 /* LaunchScreen.storyboard in Resources */,
				064837DF1D8D79FA00447F21 /* Assets.xcassets in Resources */,
				064837DA1D8D79FA00447F21 /* Main.storyboard in Resources */,
			);
			runOnlyForDeploymentPostprocessing = 0;
		};
/* End PBXResourcesBuildPhase section */

/* Begin PBXSourcesBuildPhase section */
		064837CD1D8D79FA00447F21 /* Sources */ = {
			isa = PBXSourcesBuildPhase;
			buildActionMask = 2147483647;
			files = (
				064837D71D8D79FA00447F21 /* ViewController.swift in Sources */,
				064837DD1D8D79FA00447F21 /* BezierPath.xcdatamodeld in Sources */,
				064837D51D8D79FA00447F21 /* AppDelegate.swift in Sources */,
			);
			runOnlyForDeploymentPostprocessing = 0;
		};
/* End PBXSourcesBuildPhase section */

/* Begin PBXVariantGroup section */
		064837D81D8D79FA00447F21 /* Main.storyboard */ = {
			isa = PBXVariantGroup;
			children = (
				064837D91D8D79FA00447F21 /* Base */,
			);
			name = Main.storyboard;
			sourceTree = "<group>";
		};
		064837E01D8D79FA00447F21 /* LaunchScreen.storyboard */ = {
			isa = PBXVariantGroup;
			children = (
				064837E11D8D79FA00447F21 /* Base */,
			);
			name = LaunchScreen.storyboard;
			sourceTree = "<group>";
		};
/* End PBXVariantGroup section */

/* Begin XCBuildConfiguration section */
		064837E41D8D79FA00447F21 /* Debug */ = {
			isa = XCBuildConfiguration;
			buildSettings = {
				ALWAYS_SEARCH_USER_PATHS = NO;
				CLANG_ANALYZER_NONNULL = YES;
				CLANG_CXX_LANGUAGE_STANDARD = "gnu++0x";
				CLANG_CXX_LIBRARY = "libc++";
				CLANG_ENABLE_MODULES = YES;
				CLANG_ENABLE_OBJC_ARC = YES;
				CLANG_WARN_BOOL_CONVERSION = YES;
				CLANG_WARN_CONSTANT_CONVERSION = YES;
				CLANG_WARN_DIRECT_OBJC_ISA_USAGE = YES_ERROR;
				CLANG_WARN_DOCUMENTATION_COMMENTS = YES;
				CLANG_WARN_EMPTY_BODY = YES;
				CLANG_WARN_ENUM_CONVERSION = YES;
				CLANG_WARN_INFINITE_RECURSION = YES;
				CLANG_WARN_INT_CONVERSION = YES;
				CLANG_WARN_OBJC_ROOT_CLASS = YES_ERROR;
				CLANG_WARN_SUSPICIOUS_MOVES = YES;
				CLANG_WARN_UNREACHABLE_CODE = YES;
				CLANG_WARN__DUPLICATE_METHOD_MATCH = YES;
				"CODE_SIGN_IDENTITY[sdk=iphoneos*]" = "iPhone Developer";
				COPY_PHASE_STRIP = NO;
				DEBUG_INFORMATION_FORMAT = dwarf;
				ENABLE_STRICT_OBJC_MSGSEND = YES;
				ENABLE_TESTABILITY = YES;
				GCC_C_LANGUAGE_STANDARD = gnu99;
				GCC_DYNAMIC_NO_PIC = NO;
				GCC_NO_COMMON_BLOCKS = YES;
				GCC_OPTIMIZATION_LEVEL = 0;
				GCC_PREPROCESSOR_DEFINITIONS = (
					"DEBUG=1",
					"$(inherited)",
				);
				GCC_WARN_64_TO_32_BIT_CONVERSION = YES;
				GCC_WARN_ABOUT_RETURN_TYPE = YES_ERROR;
				GCC_WARN_UNDECLARED_SELECTOR = YES;
				GCC_WARN_UNINITIALIZED_AUTOS = YES_AGGRESSIVE;
				GCC_WARN_UNUSED_FUNCTION = YES;
				GCC_WARN_UNUSED_VARIABLE = YES;
				IPHONEOS_DEPLOYMENT_TARGET = 10.0;
				MTL_ENABLE_DEBUG_INFO = YES;
				ONLY_ACTIVE_ARCH = YES;
				SDKROOT = iphoneos;
				SWIFT_ACTIVE_COMPILATION_CONDITIONS = DEBUG;
				SWIFT_OPTIMIZATION_LEVEL = "-Onone";
			};
			name = Debug;
		};
		064837E51D8D79FA00447F21 /* Release */ = {
			isa = XCBuildConfiguration;
			buildSettings = {
				ALWAYS_SEARCH_USER_PATHS = NO;
				CLANG_ANALYZER_NONNULL = YES;
				CLANG_CXX_LANGUAGE_STANDARD = "gnu++0x";
				CLANG_CXX_LIBRARY = "libc++";
				CLANG_ENABLE_MODULES = YES;
				CLANG_ENABLE_OBJC_ARC = YES;
				CLANG_WARN_BOOL_CONVERSION = YES;
				CLANG_WARN_CONSTANT_CONVERSION = YES;
				CLANG_WARN_DIRECT_OBJC_ISA_USAGE = YES_ERROR;
				CLANG_WARN_DOCUMENTATION_COMMENTS = YES;
				CLANG_WARN_EMPTY_BODY = YES;
				CLANG_WARN_ENUM_CONVERSION = YES;
				CLANG_WARN_INFINITE_RECURSION = YES;
				CLANG_WARN_INT_CONVERSION = YES;
				CLANG_WARN_OBJC_ROOT_CLASS = YES_ERROR;
				CLANG_WARN_SUSPICIOUS_MOVES = YES;
				CLANG_WARN_UNREACHABLE_CODE = YES;
				CLANG_WARN__DUPLICATE_METHOD_MATCH = YES;
				"CODE_SIGN_IDENTITY[sdk=iphoneos*]" = "iPhone Developer";
				COPY_PHASE_STRIP = NO;
				DEBUG_INFORMATION_FORMAT = "dwarf-with-dsym";
				ENABLE_NS_ASSERTIONS = NO;
				ENABLE_STRICT_OBJC_MSGSEND = YES;
				GCC_C_LANGUAGE_STANDARD = gnu99;
				GCC_NO_COMMON_BLOCKS = YES;
				GCC_WARN_64_TO_32_BIT_CONVERSION = YES;
				GCC_WARN_ABOUT_RETURN_TYPE = YES_ERROR;
				GCC_WARN_UNDECLARED_SELECTOR = YES;
				GCC_WARN_UNINITIALIZED_AUTOS = YES_AGGRESSIVE;
				GCC_WARN_UNUSED_FUNCTION = YES;
				GCC_WARN_UNUSED_VARIABLE = YES;
				IPHONEOS_DEPLOYMENT_TARGET = 10.0;
				MTL_ENABLE_DEBUG_INFO = NO;
				SDKROOT = iphoneos;
				SWIFT_OPTIMIZATION_LEVEL = "-Owholemodule";
				VALIDATE_PRODUCT = YES;
			};
			name = Release;
		};
		064837E71D8D79FA00447F21 /* Debug */ = {
			isa = XCBuildConfiguration;
			buildSettings = {
				ASSETCATALOG_COMPILER_APPICON_NAME = AppIcon;
				DEVELOPMENT_TEAM = 3Q27BC9WV8;
				INFOPLIST_FILE = BezierPath/Info.plist;
				LD_RUNPATH_SEARCH_PATHS = "$(inherited) @executable_path/Frameworks";
				PRODUCT_BUNDLE_IDENTIFIER = hossam.BezierPath;
				PRODUCT_NAME = "$(TARGET_NAME)";
				SWIFT_VERSION = 3.0;
			};
			name = Debug;
		};
		064837E81D8D79FA00447F21 /* Release */ = {
			isa = XCBuildConfiguration;
			buildSettings = {
				ASSETCATALOG_COMPILER_APPICON_NAME = AppIcon;
				DEVELOPMENT_TEAM = 3Q27BC9WV8;
				INFOPLIST_FILE = BezierPath/Info.plist;
				LD_RUNPATH_SEARCH_PATHS = "$(inherited) @executable_path/Frameworks";
				PRODUCT_BUNDLE_IDENTIFIER = hossam.BezierPath;
				PRODUCT_NAME = "$(TARGET_NAME)";
				SWIFT_VERSION = 3.0;
			};
			name = Release;
		};
/* End XCBuildConfiguration section */

/* Begin XCConfigurationList section */
		064837CC1D8D79FA00447F21 /* Build configuration list for PBXProject "BezierPath" */ = {
			isa = XCConfigurationList;
			buildConfigurations = (
				064837E41D8D79FA00447F21 /* Debug */,
				064837E51D8D79FA00447F21 /* Release */,
			);
			defaultConfigurationIsVisible = 0;
			defaultConfigurationName = Release;
		};
		064837E61D8D79FA00447F21 /* Build configuration list for PBXNativeTarget "BezierPath" */ = {
			isa = XCConfigurationList;
			buildConfigurations = (
				064837E71D8D79FA00447F21 /* Debug */,
				064837E81D8D79FA00447F21 /* Release */,
			);
			defaultConfigurationIsVisible = 0;
		};
/* End XCConfigurationList section */

/* Begin XCVersionGroup section */
		064837DB1D8D79FA00447F21 /* BezierPath.xcdatamodeld */ = {
			isa = XCVersionGroup;
			children = (
				064837DC1D8D79FA00447F21 /* BezierPath.xcdatamodel */,
			);
			currentVersion = 064837DC1D8D79FA00447F21 /* BezierPath.xcdatamodel */;
			path = BezierPath.xcdatamodeld;
			sourceTree = "<group>";
			versionGroupType = wrapper.xcdatamodel;
		};
/* End XCVersionGroup section */
	};
	rootObject = 064837C91D8D79FA00447F21 /* Project object */;
}
