// !$*UTF8*$!
{
	archiveVersion = 1;
	classes = {
	};
	objectVersion = 46;
	objects = {

/* Begin PBXBuildFile section */
		064482B01D7736E2008D53CA /* AppDelegate.swift in Sources */ = {isa = PBXBuildFile; fileRef = 064482AF1D7736E2008D53CA /* AppDelegate.swift */; };
		064482B21D7736E2008D53CA /* RootViewController.swift in Sources */ = {isa = PBXBuildFile; fileRef = 064482B11D7736E2008D53CA /* RootViewController.swift */; };
		064482B41D7736E2008D53CA /* DataViewController.swift in Sources */ = {isa = PBXBuildFile; fileRef = 064482B31D7736E2008D53CA /* DataViewController.swift */; };
		064482B61D7736E2008D53CA /* ModelController.swift in Sources */ = {isa = PBXBuildFile; fileRef = 064482B51D7736E2008D53CA /* ModelController.swift */; };
		064482B91D7736E2008D53CA /* Main.storyboard in Resources */ = {isa = PBXBuildFile; fileRef = 064482B71D7736E2008D53CA /* Main.storyboard */; };
		064482BB1D7736E2008D53CA /* Assets.xcassets in Resources */ = {isa = PBXBuildFile; fileRef = 064482BA1D7736E2008D53CA /* Assets.xcassets */; };
		064482BE1D7736E2008D53CA /* LaunchScreen.storyboard in Resources */ = {isa = PBXBuildFile; fileRef = 064482BC1D7736E2008D53CA /* LaunchScreen.storyboard */; };
		064482C61D77450B008D53CA /* StartViewController.swift in Sources */ = {isa = PBXBuildFile; fileRef = 064482C51D77450B008D53CA /* StartViewController.swift */; };
/* End PBXBuildFile section */

/* Begin PBXFileReference section */
		064482AC1D7736E2008D53CA /* PagesVC.app */ = {isa = PBXFileReference; explicitFileType = wrapper.application; includeInIndex = 0; path = PagesVC.app; sourceTree = BUILT_PRODUCTS_DIR; };
		064482AF1D7736E2008D53CA /* AppDelegate.swift */ = {isa = PBXFileReference; lastKnownFileType = sourcecode.swift; path = AppDelegate.swift; sourceTree = "<group>"; };
		064482B11D7736E2008D53CA /* RootViewController.swift */ = {isa = PBXFileReference; lastKnownFileType = sourcecode.swift; path = RootViewController.swift; sourceTree = "<group>"; };
		064482B31D7736E2008D53CA /* DataViewController.swift */ = {isa = PBXFileReference; lastKnownFileType = sourcecode.swift; path = DataViewController.swift; sourceTree = "<group>"; };
		064482B51D7736E2008D53CA /* ModelController.swift */ = {isa = PBXFileReference; lastKnownFileType = sourcecode.swift; path = ModelController.swift; sourceTree = "<group>"; };
		064482B81D7736E2008D53CA /* Base */ = {isa = PBXFileReference; lastKnownFileType = file.storyboard; name = Base; path = Base.lproj/Main.storyboard; sourceTree = "<group>"; };
		064482BA1D7736E2008D53CA /* Assets.xcassets */ = {isa = PBXFileReference; lastKnownFileType = folder.assetcatalog; path = Assets.xcassets; sourceTree = "<group>"; };
		064482BD1D7736E2008D53CA /* Base */ = {isa = PBXFileReference; lastKnownFileType = file.storyboard; name = Base; path = Base.lproj/LaunchScreen.storyboard; sourceTree = "<group>"; };
		064482BF1D7736E2008D53CA /* Info.plist */ = {isa = PBXFileReference; lastKnownFileType = text.plist.xml; path = Info.plist; sourceTree = "<group>"; };
		064482C51D77450B008D53CA /* StartViewController.swift */ = {isa = PBXFileReference; fileEncoding = 4; lastKnownFileType = sourcecode.swift; path = StartViewController.swift; sourceTree = "<group>"; };
/* End PBXFileReference section */

/* Begin PBXFrameworksBuildPhase section */
		064482A91D7736E1008D53CA /* Frameworks */ = {
			isa = PBXFrameworksBuildPhase;
			buildActionMask = 2147483647;
			files = (
			);
			runOnlyForDeploymentPostprocessing = 0;
		};
/* End PBXFrameworksBuildPhase section */

/* Begin PBXGroup section */
		064482A31D7736E1008D53CA = {
			isa = PBXGroup;
			children = (
				064482AE1D7736E2008D53CA /* PagesVC */,
				064482AD1D7736E2008D53CA /* Products */,
			);
			sourceTree = "<group>";
		};
		064482AD1D7736E2008D53CA /* Products */ = {
			isa = PBXGroup;
			children = (
				064482AC1D7736E2008D53CA /* PagesVC.app */,
			);
			name = Products;
			sourceTree = "<group>";
		};
		064482AE1D7736E2008D53CA /* PagesVC */ = {
			isa = PBXGroup;
			children = (
				064482AF1D7736E2008D53CA /* AppDelegate.swift */,
				064482B11D7736E2008D53CA /* RootViewController.swift */,
				064482B31D7736E2008D53CA /* DataViewController.swift */,
				064482B51D7736E2008D53CA /* ModelController.swift */,
				064482B71D7736E2008D53CA /* Main.storyboard */,
				064482BA1D7736E2008D53CA /* Assets.xcassets */,
				064482BC1D7736E2008D53CA /* LaunchScreen.storyboard */,
				064482BF1D7736E2008D53CA /* Info.plist */,
				064482C51D77450B008D53CA /* StartViewController.swift */,
			);
			path = PagesVC;
			sourceTree = "<group>";
		};
/* End PBXGroup section */

/* Begin PBXNativeTarget section */
		064482AB1D7736E1008D53CA /* PagesVC */ = {
			isa = PBXNativeTarget;
			buildConfigurationList = 064482C21D7736E2008D53CA /* Build configuration list for PBXNativeTarget "PagesVC" */;
			buildPhases = (
				064482A81D7736E1008D53CA /* Sources */,
				064482A91D7736E1008D53CA /* Frameworks */,
				064482AA1D7736E1008D53CA /* Resources */,
			);
			buildRules = (
			);
			dependencies = (
			);
			name = PagesVC;
			productName = PagesVC;
			productReference = 064482AC1D7736E2008D53CA /* PagesVC.app */;
			productType = "com.apple.product-type.application";
		};
/* End PBXNativeTarget section */

/* Begin PBXProject section */
		064482A41D7736E1008D53CA /* Project object */ = {
			isa = PBXProject;
			attributes = {
				LastSwiftUpdateCheck = 0800;
				LastUpgradeCheck = 0800;
				ORGANIZATIONNAME = "Hossam Ghareeb";
				TargetAttributes = {
					064482AB1D7736E1008D53CA = {
						CreatedOnToolsVersion = 8.0;
						DevelopmentTeam = KL7BN458FX;
						DevelopmentTeamName = "Hossam Ghareeb (Personal Team)";
						ProvisioningStyle = Automatic;
					};
				};
			};
			buildConfigurationList = 064482A71D7736E1008D53CA /* Build configuration list for PBXProject "PagesVC" */;
			compatibilityVersion = "Xcode 3.2";
			developmentRegion = English;
			hasScannedForEncodings = 0;
			knownRegions = (
				en,
				Base,
			);
			mainGroup = 064482A31D7736E1008D53CA;
			productRefGroup = 064482AD1D7736E2008D53CA /* Products */;
			projectDirPath = "";
			projectRoot = "";
			targets = (
				064482AB1D7736E1008D53CA /* PagesVC */,
			);
		};
/* End PBXProject section */

/* Begin PBXResourcesBuildPhase section */
		064482AA1D7736E1008D53CA /* Resources */ = {
			isa = PBXResourcesBuildPhase;
			buildActionMask = 2147483647;
			files = (
				064482BE1D7736E2008D53CA /* LaunchScreen.storyboard in Resources */,
				064482BB1D7736E2008D53CA /* Assets.xcassets in Resources */,
				064482B91D7736E2008D53CA /* Main.storyboard in Resources */,
			);
			runOnlyForDeploymentPostprocessing = 0;
		};
/* End PBXResourcesBuildPhase section */

/* Begin PBXSourcesBuildPhase section */
		064482A81D7736E1008D53CA /* Sources */ = {
			isa = PBXSourcesBuildPhase;
			buildActionMask = 2147483647;
			files = (
				064482C61D77450B008D53CA /* StartViewController.swift in Sources */,
				064482B21D7736E2008D53CA /* RootViewController.swift in Sources */,
				064482B61D7736E2008D53CA /* ModelController.swift in Sources */,
				064482B41D7736E2008D53CA /* DataViewController.swift in Sources */,
				064482B01D7736E2008D53CA /* AppDelegate.swift in Sources */,
			);
			runOnlyForDeploymentPostprocessing = 0;
		};
/* End PBXSourcesBuildPhase section */

/* Begin PBXVariantGroup section */
		064482B71D7736E2008D53CA /* Main.storyboard */ = {
			isa = PBXVariantGroup;
			children = (
				064482B81D7736E2008D53CA /* Base */,
			);
			name = Main.storyboard;
			sourceTree = "<group>";
		};
		064482BC1D7736E2008D53CA /* LaunchScreen.storyboard */ = {
			isa = PBXVariantGroup;
			children = (
				064482BD1D7736E2008D53CA /* Base */,
			);
			name = LaunchScreen.storyboard;
			sourceTree = "<group>";
		};
/* End PBXVariantGroup section */

/* Begin XCBuildConfiguration section */
		064482C01D7736E2008D53CA /* Debug */ = {
			isa = XCBuildConfiguration;
			buildSettings = {
				ALWAYS_SEARCH_USER_PATHS = NO;
				CLANG_ANALYZER_NONNULL = YES;
				CLANG_CXX_LANGUAGE_STANDARD = "gnu++0x";
				CLANG_CXX_LIBRARY = "libc++";
				CLANG_ENABLE_MODULES = YES;
				CLANG_ENABLE_OBJC_ARC = YES;
				CLANG_WARN_BOOL_CONVERSION = YES;
				CLANG_WARN_CONSTANT_CONVERSION = YES;
				CLANG_WARN_DIRECT_OBJC_ISA_USAGE = YES_ERROR;
				CLANG_WARN_DOCUMENTATION_COMMENTS = YES;
				CLANG_WARN_EMPTY_BODY = YES;
				CLANG_WARN_ENUM_CONVERSION = YES;
				CLANG_WARN_INT_CONVERSION = YES;
				CLANG_WARN_OBJC_ROOT_CLASS = YES_ERROR;
				CLANG_WARN_UNREACHABLE_CODE = YES;
				CLANG_WARN__DUPLICATE_METHOD_MATCH = YES;
				"CODE_SIGN_IDENTITY[sdk=iphoneos*]" = "iPhone Developer";
				COPY_PHASE_STRIP = NO;
				DEBUG_INFORMATION_FORMAT = dwarf;
				ENABLE_STRICT_OBJC_MSGSEND = YES;
				ENABLE_TESTABILITY = YES;
				GCC_C_LANGUAGE_STANDARD = gnu99;
				GCC_DYNAMIC_NO_PIC = NO;
				GCC_NO_COMMON_BLOCKS = YES;
				GCC_OPTIMIZATION_LEVEL = 0;
				GCC_PREPROCESSOR_DEFINITIONS = (
					"DEBUG=1",
					"$(inherited)",
				);
				GCC_WARN_64_TO_32_BIT_CONVERSION = YES;
				GCC_WARN_ABOUT_RETURN_TYPE = YES_ERROR;
				GCC_WARN_UNDECLARED_SELECTOR = YES;
				GCC_WARN_UNINITIALIZED_AUTOS = YES_AGGRESSIVE;
				GCC_WARN_UNUSED_FUNCTION = YES;
				GCC_WARN_UNUSED_VARIABLE = YES;
				IPHONEOS_DEPLOYMENT_TARGET = 10.0;
				MTL_ENABLE_DEBUG_INFO = YES;
				ONLY_ACTIVE_ARCH = YES;
				SDKROOT = iphoneos;
				SWIFT_ACTIVE_COMPILATION_CONDITIONS = DEBUG;
				SWIFT_OPTIMIZATION_LEVEL = "-Onone";
			};
			name = Debug;
		};
		064482C11D7736E2008D53CA /* Release */ = {
			isa = XCBuildConfiguration;
			buildSettings = {
				ALWAYS_SEARCH_USER_PATHS = NO;
				CLANG_ANALYZER_NONNULL = YES;
				CLANG_CXX_LANGUAGE_STANDARD = "gnu++0x";
				CLANG_CXX_LIBRARY = "libc++";
				CLANG_ENABLE_MODULES = YES;
				CLANG_ENABLE_OBJC_ARC = YES;
				CLANG_WARN_BOOL_CONVERSION = YES;
				CLANG_WARN_CONSTANT_CONVERSION = YES;
				CLANG_WARN_DIRECT_OBJC_ISA_USAGE = YES_ERROR;
				CLANG_WARN_DOCUMENTATION_COMMENTS = YES;
				CLANG_WARN_EMPTY_BODY = YES;
				CLANG_WARN_ENUM_CONVERSION = YES;
				CLANG_WARN_INT_CONVERSION = YES;
				CLANG_WARN_OBJC_ROOT_CLASS = YES_ERROR;
				CLANG_WARN_UNREACHABLE_CODE = YES;
				CLANG_WARN__DUPLICATE_METHOD_MATCH = YES;
				"CODE_SIGN_IDENTITY[sdk=iphoneos*]" = "iPhone Developer";
				COPY_PHASE_STRIP = NO;
				DEBUG_INFORMATION_FORMAT = "dwarf-with-dsym";
				ENABLE_NS_ASSERTIONS = NO;
				ENABLE_STRICT_OBJC_MSGSEND = YES;
				GCC_C_LANGUAGE_STANDARD = gnu99;
				GCC_NO_COMMON_BLOCKS = YES;
				GCC_WARN_64_TO_32_BIT_CONVERSION = YES;
				GCC_WARN_ABOUT_RETURN_TYPE = YES_ERROR;
				GCC_WARN_UNDECLARED_SELECTOR = YES;
				GCC_WARN_UNINITIALIZED_AUTOS = YES_AGGRESSIVE;
				GCC_WARN_UNUSED_FUNCTION = YES;
				GCC_WARN_UNUSED_VARIABLE = YES;
				IPHONEOS_DEPLOYMENT_TARGET = 10.0;
				MTL_ENABLE_DEBUG_INFO = NO;
				SDKROOT = iphoneos;
				SWIFT_OPTIMIZATION_LEVEL = "-Owholemodule";
				VALIDATE_PRODUCT = YES;
			};
			name = Release;
		};
		064482C31D7736E2008D53CA /* Debug */ = {
			isa = XCBuildConfiguration;
			buildSettings = {
				ASSETCATALOG_COMPILER_APPICON_NAME = AppIcon;
				INFOPLIST_FILE = PagesVC/Info.plist;
				LD_RUNPATH_SEARCH_PATHS = "$(inherited) @executable_path/Frameworks";
				PRODUCT_BUNDLE_IDENTIFIER = hossam.PagesVC;
				PRODUCT_NAME = "$(TARGET_NAME)";
				SWIFT_VERSION = 3.0;
			};
			name = Debug;
		};
		064482C41D7736E2008D53CA /* Release */ = {
			isa = XCBuildConfiguration;
			buildSettings = {
				ASSETCATALOG_COMPILER_APPICON_NAME = AppIcon;
				INFOPLIST_FILE = PagesVC/Info.plist;
				LD_RUNPATH_SEARCH_PATHS = "$(inherited) @executable_path/Frameworks";
				PRODUCT_BUNDLE_IDENTIFIER = hossam.PagesVC;
				PRODUCT_NAME = "$(TARGET_NAME)";
				SWIFT_VERSION = 3.0;
			};
			name = Release;
		};
/* End XCBuildConfiguration section */

/* Begin XCConfigurationList section */
		064482A71D7736E1008D53CA /* Build configuration list for PBXProject "PagesVC" */ = {
			isa = XCConfigurationList;
			buildConfigurations = (
				064482C01D7736E2008D53CA /* Debug */,
				064482C11D7736E2008D53CA /* Release */,
			);
			defaultConfigurationIsVisible = 0;
			defaultConfigurationName = Release;
		};
		064482C21D7736E2008D53CA /* Build configuration list for PBXNativeTarget "PagesVC" */ = {
			isa = XCConfigurationList;
			buildConfigurations = (
				064482C31D7736E2008D53CA /* Debug */,
				064482C41D7736E2008D53CA /* Release */,
			);
			defaultConfigurationIsVisible = 0;
		};
/* End XCConfigurationList section */
	};
	rootObject = 064482A41D7736E1008D53CA /* Project object */;
}
