// !$*UTF8*$!
{
	archiveVersion = 1;
	classes = {
	};
	objectVersion = 46;
	objects = {

/* Begin PBXBuildFile section */
		065E215B1DD5D4B900D56E1A /* GeoFenceData.swift in Sources */ = {isa = PBXBuildFile; fileRef = 065E215A1DD5D4B900D56E1A /* GeoFenceData.swift */; };
		0678B3131DC5D34300C15FA6 /* AppDelegate.swift in Sources */ = {isa = PBXBuildFile; fileRef = 0678B3121DC5D34300C15FA6 /* AppDelegate.swift */; };
		0678B3151DC5D34300C15FA6 /* ViewController.swift in Sources */ = {isa = PBXBuildFile; fileRef = 0678B3141DC5D34300C15FA6 /* ViewController.swift */; };
		0678B3181DC5D34300C15FA6 /* Main.storyboard in Resources */ = {isa = PBXBuildFile; fileRef = 0678B3161DC5D34300C15FA6 /* Main.storyboard */; };
		0678B31A1DC5D34300C15FA6 /* Assets.xcassets in Resources */ = {isa = PBXBuildFile; fileRef = 0678B3191DC5D34300C15FA6 /* Assets.xcassets */; };
		0678B31D1DC5D34300C15FA6 /* LaunchScreen.storyboard in Resources */ = {isa = PBXBuildFile; fileRef = 0678B31B1DC5D34300C15FA6 /* LaunchScreen.storyboard */; };
		067C98E61DC773F4005C6B43 /* icon.png in Resources */ = {isa = PBXBuildFile; fileRef = 067C98E51DC773F4005C6B43 /* icon.png */; };
		06C4ECAC1DC723C7007E3EF0 /* CustomAnnotation.swift in Sources */ = {isa = PBXBuildFile; fileRef = 06C4ECAB1DC723C7007E3EF0 /* CustomAnnotation.swift */; };
		06C4ECB01DC7307E007E3EF0 /* car.png in Resources */ = {isa = PBXBuildFile; fileRef = 06C4ECAF1DC7307E007E3EF0 /* car.png */; };
		06F574A11DC9D7EF006CA38B /* GeofencingViewController.swift in Sources */ = {isa = PBXBuildFile; fileRef = 06F574A01DC9D7EF006CA38B /* GeofencingViewController.swift */; };
/* End PBXBuildFile section */

/* Begin PBXFileReference section */
		065E215A1DD5D4B900D56E1A /* GeoFenceData.swift */ = {isa = PBXFileReference; fileEncoding = 4; lastKnownFileType = sourcecode.swift; path = GeoFenceData.swift; sourceTree = "<group>"; };
		0678B30F1DC5D34300C15FA6 /* LocationServicesDemo.app */ = {isa = PBXFileReference; explicitFileType = wrapper.application; includeInIndex = 0; path = LocationServicesDemo.app; sourceTree = BUILT_PRODUCTS_DIR; };
		0678B3121DC5D34300C15FA6 /* AppDelegate.swift */ = {isa = PBXFileReference; lastKnownFileType = sourcecode.swift; path = AppDelegate.swift; sourceTree = "<group>"; };
		0678B3141DC5D34300C15FA6 /* ViewController.swift */ = {isa = PBXFileReference; lastKnownFileType = sourcecode.swift; path = ViewController.swift; sourceTree = "<group>"; };
		0678B3171DC5D34300C15FA6 /* Base */ = {isa = PBXFileReference; lastKnownFileType = file.storyboard; name = Base; path = Base.lproj/Main.storyboard; sourceTree = "<group>"; };
		0678B3191DC5D34300C15FA6 /* Assets.xcassets */ = {isa = PBXFileReference; lastKnownFileType = folder.assetcatalog; path = Assets.xcassets; sourceTree = "<group>"; };
		0678B31C1DC5D34300C15FA6 /* Base */ = {isa = PBXFileReference; lastKnownFileType = file.storyboard; name = Base; path = Base.lproj/LaunchScreen.storyboard; sourceTree = "<group>"; };
		0678B31E1DC5D34300C15FA6 /* Info.plist */ = {isa = PBXFileReference; lastKnownFileType = text.plist.xml; path = Info.plist; sourceTree = "<group>"; };
		067C98E51DC773F4005C6B43 /* icon.png */ = {isa = PBXFileReference; lastKnownFileType = image.png; path = icon.png; sourceTree = "<group>"; };
		06B8C6871DD7475400462149 /* DubaiDirections.gpx */ = {isa = PBXFileReference; lastKnownFileType = text.xml; path = DubaiDirections.gpx; sourceTree = "<group>"; };
		06C4ECAB1DC723C7007E3EF0 /* CustomAnnotation.swift */ = {isa = PBXFileReference; fileEncoding = 4; lastKnownFileType = sourcecode.swift; path = CustomAnnotation.swift; sourceTree = "<group>"; };
		06C4ECAF1DC7307E007E3EF0 /* car.png */ = {isa = PBXFileReference; lastKnownFileType = image.png; path = car.png; sourceTree = "<group>"; };
		06F574A01DC9D7EF006CA38B /* GeofencingViewController.swift */ = {isa = PBXFileReference; fileEncoding = 4; lastKnownFileType = sourcecode.swift; path = GeofencingViewController.swift; sourceTree = "<group>"; };
/* End PBXFileReference section */

/* Begin PBXFrameworksBuildPhase section */
		0678B30C1DC5D34300C15FA6 /* Frameworks */ = {
			isa = PBXFrameworksBuildPhase;
			buildActionMask = 2147483647;
			files = (
			);
			runOnlyForDeploymentPostprocessing = 0;
		};
/* End PBXFrameworksBuildPhase section */

/* Begin PBXGroup section */
		0678B3061DC5D34300C15FA6 = {
			isa = PBXGroup;
			children = (
				0678B3111DC5D34300C15FA6 /* LocationServicesDemo */,
				0678B3101DC5D34300C15FA6 /* Products */,
			);
			sourceTree = "<group>";
		};
		0678B3101DC5D34300C15FA6 /* Products */ = {
			isa = PBXGroup;
			children = (
				0678B30F1DC5D34300C15FA6 /* LocationServicesDemo.app */,
			);
			name = Products;
			sourceTree = "<group>";
		};
		0678B3111DC5D34300C15FA6 /* LocationServicesDemo */ = {
			isa = PBXGroup;
			children = (
				06C4ECAF1DC7307E007E3EF0 /* car.png */,
				067C98E51DC773F4005C6B43 /* icon.png */,
				0678B3121DC5D34300C15FA6 /* AppDelegate.swift */,
				0678B3141DC5D34300C15FA6 /* ViewController.swift */,
				06F574A01DC9D7EF006CA38B /* GeofencingViewController.swift */,
				0678B3161DC5D34300C15FA6 /* Main.storyboard */,
				0678B3191DC5D34300C15FA6 /* Assets.xcassets */,
				0678B31B1DC5D34300C15FA6 /* LaunchScreen.storyboard */,
				0678B31E1DC5D34300C15FA6 /* Info.plist */,
				06C4ECAB1DC723C7007E3EF0 /* CustomAnnotation.swift */,
				065E215A1DD5D4B900D56E1A /* GeoFenceData.swift */,
				06B8C6871DD7475400462149 /* DubaiDirections.gpx */,
			);
			path = LocationServicesDemo;
			sourceTree = "<group>";
		};
/* End PBXGroup section */

/* Begin PBXNativeTarget section */
		0678B30E1DC5D34300C15FA6 /* LocationServicesDemo */ = {
			isa = PBXNativeTarget;
			buildConfigurationList = 0678B3211DC5D34300C15FA6 /* Build configuration list for PBXNativeTarget "LocationServicesDemo" */;
			buildPhases = (
				0678B30B1DC5D34300C15FA6 /* Sources */,
				0678B30C1DC5D34300C15FA6 /* Frameworks */,
				0678B30D1DC5D34300C15FA6 /* Resources */,
			);
			buildRules = (
			);
			dependencies = (
			);
			name = LocationServicesDemo;
			productName = LocationServicesDemo;
			productReference = 0678B30F1DC5D34300C15FA6 /* LocationServicesDemo.app */;
			productType = "com.apple.product-type.application";
		};
/* End PBXNativeTarget section */

/* Begin PBXProject section */
		0678B3071DC5D34300C15FA6 /* Project object */ = {
			isa = PBXProject;
			attributes = {
				LastSwiftUpdateCheck = 0800;
				LastUpgradeCheck = 0800;
				ORGANIZATIONNAME = "Hossam Ghareeb";
				TargetAttributes = {
					0678B30E1DC5D34300C15FA6 = {
						CreatedOnToolsVersion = 8.0;
						DevelopmentTeam = 3Q27BC9WV8;
						ProvisioningStyle = Automatic;
					};
				};
			};
			buildConfigurationList = 0678B30A1DC5D34300C15FA6 /* Build configuration list for PBXProject "LocationServicesDemo" */;
			compatibilityVersion = "Xcode 3.2";
			developmentRegion = English;
			hasScannedForEncodings = 0;
			knownRegions = (
				en,
				Base,
			);
			mainGroup = 0678B3061DC5D34300C15FA6;
			productRefGroup = 0678B3101DC5D34300C15FA6 /* Products */;
			projectDirPath = "";
			projectRoot = "";
			targets = (
				0678B30E1DC5D34300C15FA6 /* LocationServicesDemo */,
			);
		};
/* End PBXProject section */

/* Begin PBXResourcesBuildPhase section */
		0678B30D1DC5D34300C15FA6 /* Resources */ = {
			isa = PBXResourcesBuildPhase;
			buildActionMask = 2147483647;
			files = (
				06C4ECB01DC7307E007E3EF0 /* car.png in Resources */,
				067C98E61DC773F4005C6B43 /* icon.png in Resources */,
				0678B31D1DC5D34300C15FA6 /* LaunchScreen.storyboard in Resources */,
				0678B31A1DC5D34300C15FA6 /* Assets.xcassets in Resources */,
				0678B3181DC5D34300C15FA6 /* Main.storyboard in Resources */,
			);
			runOnlyForDeploymentPostprocessing = 0;
		};
/* End PBXResourcesBuildPhase section */

/* Begin PBXSourcesBuildPhase section */
		0678B30B1DC5D34300C15FA6 /* Sources */ = {
			isa = PBXSourcesBuildPhase;
			buildActionMask = 2147483647;
			files = (
				0678B3151DC5D34300C15FA6 /* ViewController.swift in Sources */,
				06F574A11DC9D7EF006CA38B /* GeofencingViewController.swift in Sources */,
				0678B3131DC5D34300C15FA6 /* AppDelegate.swift in Sources */,
				06C4ECAC1DC723C7007E3EF0 /* CustomAnnotation.swift in Sources */,
				065E215B1DD5D4B900D56E1A /* GeoFenceData.swift in Sources */,
			);
			runOnlyForDeploymentPostprocessing = 0;
		};
/* End PBXSourcesBuildPhase section */

/* Begin PBXVariantGroup section */
		0678B3161DC5D34300C15FA6 /* Main.storyboard */ = {
			isa = PBXVariantGroup;
			children = (
				0678B3171DC5D34300C15FA6 /* Base */,
			);
			name = Main.storyboard;
			sourceTree = "<group>";
		};
		0678B31B1DC5D34300C15FA6 /* LaunchScreen.storyboard */ = {
			isa = PBXVariantGroup;
			children = (
				0678B31C1DC5D34300C15FA6 /* Base */,
			);
			name = LaunchScreen.storyboard;
			sourceTree = "<group>";
		};
/* End PBXVariantGroup section */

/* Begin XCBuildConfiguration section */
		0678B31F1DC5D34300C15FA6 /* Debug */ = {
			isa = XCBuildConfiguration;
			buildSettings = {
				ALWAYS_SEARCH_USER_PATHS = NO;
				CLANG_ANALYZER_NONNULL = YES;
				CLANG_CXX_LANGUAGE_STANDARD = "gnu++0x";
				CLANG_CXX_LIBRARY = "libc++";
				CLANG_ENABLE_MODULES = YES;
				CLANG_ENABLE_OBJC_ARC = YES;
				CLANG_WARN_BOOL_CONVERSION = YES;
				CLANG_WARN_CONSTANT_CONVERSION = YES;
				CLANG_WARN_DIRECT_OBJC_ISA_USAGE = YES_ERROR;
				CLANG_WARN_DOCUMENTATION_COMMENTS = YES;
				CLANG_WARN_EMPTY_BODY = YES;
				CLANG_WARN_ENUM_CONVERSION = YES;
				CLANG_WARN_INFINITE_RECURSION = YES;
				CLANG_WARN_INT_CONVERSION = YES;
				CLANG_WARN_OBJC_ROOT_CLASS = YES_ERROR;
				CLANG_WARN_SUSPICIOUS_MOVES = YES;
				CLANG_WARN_UNREACHABLE_CODE = YES;
				CLANG_WARN__DUPLICATE_METHOD_MATCH = YES;
				"CODE_SIGN_IDENTITY[sdk=iphoneos*]" = "iPhone Developer";
				COPY_PHASE_STRIP = NO;
				DEBUG_INFORMATION_FORMAT = dwarf;
				ENABLE_STRICT_OBJC_MSGSEND = YES;
				ENABLE_TESTABILITY = YES;
				GCC_C_LANGUAGE_STANDARD = gnu99;
				GCC_DYNAMIC_NO_PIC = NO;
				GCC_NO_COMMON_BLOCKS = YES;
				GCC_OPTIMIZATION_LEVEL = 0;
				GCC_PREPROCESSOR_DEFINITIONS = (
					"DEBUG=1",
					"$(inherited)",
				);
				GCC_WARN_64_TO_32_BIT_CONVERSION = YES;
				GCC_WARN_ABOUT_RETURN_TYPE = YES_ERROR;
				GCC_WARN_UNDECLARED_SELECTOR = YES;
				GCC_WARN_UNINITIALIZED_AUTOS = YES_AGGRESSIVE;
				GCC_WARN_UNUSED_FUNCTION = YES;
				GCC_WARN_UNUSED_VARIABLE = YES;
				IPHONEOS_DEPLOYMENT_TARGET = 10.0;
				MTL_ENABLE_DEBUG_INFO = YES;
				ONLY_ACTIVE_ARCH = YES;
				SDKROOT = iphoneos;
				SWIFT_ACTIVE_COMPILATION_CONDITIONS = DEBUG;
				SWIFT_OPTIMIZATION_LEVEL = "-Onone";
				TARGETED_DEVICE_FAMILY = "1,2";
			};
			name = Debug;
		};
		0678B3201DC5D34300C15FA6 /* Release */ = {
			isa = XCBuildConfiguration;
			buildSettings = {
				ALWAYS_SEARCH_USER_PATHS = NO;
				CLANG_ANALYZER_NONNULL = YES;
				CLANG_CXX_LANGUAGE_STANDARD = "gnu++0x";
				CLANG_CXX_LIBRARY = "libc++";
				CLANG_ENABLE_MODULES = YES;
				CLANG_ENABLE_OBJC_ARC = YES;
				CLANG_WARN_BOOL_CONVERSION = YES;
				CLANG_WARN_CONSTANT_CONVERSION = YES;
				CLANG_WARN_DIRECT_OBJC_ISA_USAGE = YES_ERROR;
				CLANG_WARN_DOCUMENTATION_COMMENTS = YES;
				CLANG_WARN_EMPTY_BODY = YES;
				CLANG_WARN_ENUM_CONVERSION = YES;
				CLANG_WARN_INFINITE_RECURSION = YES;
				CLANG_WARN_INT_CONVERSION = YES;
				CLANG_WARN_OBJC_ROOT_CLASS = YES_ERROR;
				CLANG_WARN_SUSPICIOUS_MOVES = YES;
				CLANG_WARN_UNREACHABLE_CODE = YES;
				CLANG_WARN__DUPLICATE_METHOD_MATCH = YES;
				"CODE_SIGN_IDENTITY[sdk=iphoneos*]" = "iPhone Developer";
				COPY_PHASE_STRIP = NO;
				DEBUG_INFORMATION_FORMAT = "dwarf-with-dsym";
				ENABLE_NS_ASSERTIONS = NO;
				ENABLE_STRICT_OBJC_MSGSEND = YES;
				GCC_C_LANGUAGE_STANDARD = gnu99;
				GCC_NO_COMMON_BLOCKS = YES;
				GCC_WARN_64_TO_32_BIT_CONVERSION = YES;
				GCC_WARN_ABOUT_RETURN_TYPE = YES_ERROR;
				GCC_WARN_UNDECLARED_SELECTOR = YES;
				GCC_WARN_UNINITIALIZED_AUTOS = YES_AGGRESSIVE;
				GCC_WARN_UNUSED_FUNCTION = YES;
				GCC_WARN_UNUSED_VARIABLE = YES;
				IPHONEOS_DEPLOYMENT_TARGET = 10.0;
				MTL_ENABLE_DEBUG_INFO = NO;
				SDKROOT = iphoneos;
				SWIFT_OPTIMIZATION_LEVEL = "-Owholemodule";
				TARGETED_DEVICE_FAMILY = "1,2";
				VALIDATE_PRODUCT = YES;
			};
			name = Release;
		};
		0678B3221DC5D34300C15FA6 /* Debug */ = {
			isa = XCBuildConfiguration;
			buildSettings = {
				ASSETCATALOG_COMPILER_APPICON_NAME = AppIcon;
				DEVELOPMENT_TEAM = 3Q27BC9WV8;
				INFOPLIST_FILE = LocationServicesDemo/Info.plist;
				LD_RUNPATH_SEARCH_PATHS = "$(inherited) @executable_path/Frameworks";
				PRODUCT_BUNDLE_IDENTIFIER = hossam.LocationServicesDemo;
				PRODUCT_NAME = "$(TARGET_NAME)";
				SWIFT_VERSION = 3.0;
			};
			name = Debug;
		};
		0678B3231DC5D34300C15FA6 /* Release */ = {
			isa = XCBuildConfiguration;
			buildSettings = {
				ASSETCATALOG_COMPILER_APPICON_NAME = AppIcon;
				DEVELOPMENT_TEAM = 3Q27BC9WV8;
				INFOPLIST_FILE = LocationServicesDemo/Info.plist;
				LD_RUNPATH_SEARCH_PATHS = "$(inherited) @executable_path/Frameworks";
				PRODUCT_BUNDLE_IDENTIFIER = hossam.LocationServicesDemo;
				PRODUCT_NAME = "$(TARGET_NAME)";
				SWIFT_VERSION = 3.0;
			};
			name = Release;
		};
/* End XCBuildConfiguration section */

/* Begin XCConfigurationList section */
		0678B30A1DC5D34300C15FA6 /* Build configuration list for PBXProject "LocationServicesDemo" */ = {
			isa = XCConfigurationList;
			buildConfigurations = (
				0678B31F1DC5D34300C15FA6 /* Debug */,
				0678B3201DC5D34300C15FA6 /* Release */,
			);
			defaultConfigurationIsVisible = 0;
			defaultConfigurationName = Release;
		};
		0678B3211DC5D34300C15FA6 /* Build configuration list for PBXNativeTarget "LocationServicesDemo" */ = {
			isa = XCConfigurationList;
			buildConfigurations = (
				0678B3221DC5D34300C15FA6 /* Debug */,
				0678B3231DC5D34300C15FA6 /* Release */,
			);
			defaultConfigurationIsVisible = 0;
			defaultConfigurationName = Release;
		};
/* End XCConfigurationList section */
	};
	rootObject = 0678B3071DC5D34300C15FA6 /* Project object */;
}
