// !$*UTF8*$!
{
	archiveVersion = 1;
	classes = {
	};
	objectVersion = 46;
	objects = {

/* Begin PBXBuildFile section */
		060285C41E1AEF1E00D804C1 /* AppDelegate.swift in Sources */ = {isa = PBXBuildFile; fileRef = 060285C31E1AEF1E00D804C1 /* AppDelegate.swift */; };
		060285C61E1AEF1E00D804C1 /* ViewController.swift in Sources */ = {isa = PBXBuildFile; fileRef = 060285C51E1AEF1E00D804C1 /* ViewController.swift */; };
		060285C91E1AEF1E00D804C1 /* Main.storyboard in Resources */ = {isa = PBXBuildFile; fileRef = 060285C71E1AEF1E00D804C1 /* Main.storyboard */; };
		060285CB1E1AEF1E00D804C1 /* Assets.xcassets in Resources */ = {isa = PBXBuildFile; fileRef = 060285CA1E1AEF1E00D804C1 /* Assets.xcassets */; };
		060285CE1E1AEF1E00D804C1 /* LaunchScreen.storyboard in Resources */ = {isa = PBXBuildFile; fileRef = 060285CC1E1AEF1E00D804C1 /* LaunchScreen.storyboard */; };
/* End PBXBuildFile section */

/* Begin PBXFileReference section */
		060285C01E1AEF1E00D804C1 /* PushApp.app */ = {isa = PBXFileReference; explicitFileType = wrapper.application; includeInIndex = 0; path = PushApp.app; sourceTree = BUILT_PRODUCTS_DIR; };
		060285C31E1AEF1E00D804C1 /* AppDelegate.swift */ = {isa = PBXFileReference; lastKnownFileType = sourcecode.swift; path = AppDelegate.swift; sourceTree = "<group>"; };
		060285C51E1AEF1E00D804C1 /* ViewController.swift */ = {isa = PBXFileReference; lastKnownFileType = sourcecode.swift; path = ViewController.swift; sourceTree = "<group>"; };
		060285C81E1AEF1E00D804C1 /* Base */ = {isa = PBXFileReference; lastKnownFileType = file.storyboard; name = Base; path = Base.lproj/Main.storyboard; sourceTree = "<group>"; };
		060285CA1E1AEF1E00D804C1 /* Assets.xcassets */ = {isa = PBXFileReference; lastKnownFileType = folder.assetcatalog; path = Assets.xcassets; sourceTree = "<group>"; };
		060285CD1E1AEF1E00D804C1 /* Base */ = {isa = PBXFileReference; lastKnownFileType = file.storyboard; name = Base; path = Base.lproj/LaunchScreen.storyboard; sourceTree = "<group>"; };
		060285CF1E1AEF1E00D804C1 /* Info.plist */ = {isa = PBXFileReference; lastKnownFileType = text.plist.xml; path = Info.plist; sourceTree = "<group>"; };
		06ABC8B21E22BB3D001CC118 /* PushApp.entitlements */ = {isa = PBXFileReference; lastKnownFileType = text.plist.entitlements; path = PushApp.entitlements; sourceTree = "<group>"; };
/* End PBXFileReference section */

/* Begin PBXFrameworksBuildPhase section */
		060285BD1E1AEF1E00D804C1 /* Frameworks */ = {
			isa = PBXFrameworksBuildPhase;
			buildActionMask = 2147483647;
			files = (
			);
			runOnlyForDeploymentPostprocessing = 0;
		};
/* End PBXFrameworksBuildPhase section */

/* Begin PBXGroup section */
		060285B71E1AEF1E00D804C1 = {
			isa = PBXGroup;
			children = (
				060285C21E1AEF1E00D804C1 /* PushApp */,
				060285C11E1AEF1E00D804C1 /* Products */,
			);
			sourceTree = "<group>";
		};
		060285C11E1AEF1E00D804C1 /* Products */ = {
			isa = PBXGroup;
			children = (
				060285C01E1AEF1E00D804C1 /* PushApp.app */,
			);
			name = Products;
			sourceTree = "<group>";
		};
		060285C21E1AEF1E00D804C1 /* PushApp */ = {
			isa = PBXGroup;
			children = (
				06ABC8B21E22BB3D001CC118 /* PushApp.entitlements */,
				060285C31E1AEF1E00D804C1 /* AppDelegate.swift */,
				060285C51E1AEF1E00D804C1 /* ViewController.swift */,
				060285C71E1AEF1E00D804C1 /* Main.storyboard */,
				060285CA1E1AEF1E00D804C1 /* Assets.xcassets */,
				060285CC1E1AEF1E00D804C1 /* LaunchScreen.storyboard */,
				060285CF1E1AEF1E00D804C1 /* Info.plist */,
			);
			path = PushApp;
			sourceTree = "<group>";
		};
/* End PBXGroup section */

/* Begin PBXNativeTarget section */
		060285BF1E1AEF1E00D804C1 /* PushApp */ = {
			isa = PBXNativeTarget;
			buildConfigurationList = 060285D21E1AEF1E00D804C1 /* Build configuration list for PBXNativeTarget "PushApp" */;
			buildPhases = (
				060285BC1E1AEF1E00D804C1 /* Sources */,
				060285BD1E1AEF1E00D804C1 /* Frameworks */,
				060285BE1E1AEF1E00D804C1 /* Resources */,
			);
			buildRules = (
			);
			dependencies = (
			);
			name = PushApp;
			productName = PushApp;
			productReference = 060285C01E1AEF1E00D804C1 /* PushApp.app */;
			productType = "com.apple.product-type.application";
		};
/* End PBXNativeTarget section */

/* Begin PBXProject section */
		060285B81E1AEF1E00D804C1 /* Project object */ = {
			isa = PBXProject;
			attributes = {
				LastSwiftUpdateCheck = 0810;
				LastUpgradeCheck = 0810;
				ORGANIZATIONNAME = "Hossam Ghareeb";
				TargetAttributes = {
					060285BF1E1AEF1E00D804C1 = {
						CreatedOnToolsVersion = 8.1;
						DevelopmentTeam = HP263EQS5E;
						ProvisioningStyle = Manual;
						SystemCapabilities = {
							com.apple.Push = {
								enabled = 1;
							};
						};
					};
				};
			};
			buildConfigurationList = 060285BB1E1AEF1E00D804C1 /* Build configuration list for PBXProject "PushApp" */;
			compatibilityVersion = "Xcode 3.2";
			developmentRegion = English;
			hasScannedForEncodings = 0;
			knownRegions = (
				en,
				Base,
			);
			mainGroup = 060285B71E1AEF1E00D804C1;
			productRefGroup = 060285C11E1AEF1E00D804C1 /* Products */;
			projectDirPath = "";
			projectRoot = "";
			targets = (
				060285BF1E1AEF1E00D804C1 /* PushApp */,
			);
		};
/* End PBXProject section */

/* Begin PBXResourcesBuildPhase section */
		060285BE1E1AEF1E00D804C1 /* Resources */ = {
			isa = PBXResourcesBuildPhase;
			buildActionMask = 2147483647;
			files = (
				060285CE1E1AEF1E00D804C1 /* LaunchScreen.storyboard in Resources */,
				060285CB1E1AEF1E00D804C1 /* Assets.xcassets in Resources */,
				060285C91E1AEF1E00D804C1 /* Main.storyboard in Resources */,
			);
			runOnlyForDeploymentPostprocessing = 0;
		};
/* End PBXResourcesBuildPhase section */

/* Begin PBXSourcesBuildPhase section */
		060285BC1E1AEF1E00D804C1 /* Sources */ = {
			isa = PBXSourcesBuildPhase;
			buildActionMask = 2147483647;
			files = (
				060285C61E1AEF1E00D804C1 /* ViewController.swift in Sources */,
				060285C41E1AEF1E00D804C1 /* AppDelegate.swift in Sources */,
			);
			runOnlyForDeploymentPostprocessing = 0;
		};
/* End PBXSourcesBuildPhase section */

/* Begin PBXVariantGroup section */
		060285C71E1AEF1E00D804C1 /* Main.storyboard */ = {
			isa = PBXVariantGroup;
			children = (
				060285C81E1AEF1E00D804C1 /* Base */,
			);
			name = Main.storyboard;
			sourceTree = "<group>";
		};
		060285CC1E1AEF1E00D804C1 /* LaunchScreen.storyboard */ = {
			isa = PBXVariantGroup;
			children = (
				060285CD1E1AEF1E00D804C1 /* Base */,
			);
			name = LaunchScreen.storyboard;
			sourceTree = "<group>";
		};
/* End PBXVariantGroup section */

/* Begin XCBuildConfiguration section */
		060285D01E1AEF1E00D804C1 /* Debug */ = {
			isa = XCBuildConfiguration;
			buildSettings = {
				ALWAYS_SEARCH_USER_PATHS = NO;
				CLANG_ANALYZER_NONNULL = YES;
				CLANG_CXX_LANGUAGE_STANDARD = "gnu++0x";
				CLANG_CXX_LIBRARY = "libc++";
				CLANG_ENABLE_MODULES = YES;
				CLANG_ENABLE_OBJC_ARC = YES;
				CLANG_WARN_BOOL_CONVERSION = YES;
				CLANG_WARN_CONSTANT_CONVERSION = YES;
				CLANG_WARN_DIRECT_OBJC_ISA_USAGE = YES_ERROR;
				CLANG_WARN_DOCUMENTATION_COMMENTS = YES;
				CLANG_WARN_EMPTY_BODY = YES;
				CLANG_WARN_ENUM_CONVERSION = YES;
				CLANG_WARN_INFINITE_RECURSION = YES;
				CLANG_WARN_INT_CONVERSION = YES;
				CLANG_WARN_OBJC_ROOT_CLASS = YES_ERROR;
				CLANG_WARN_SUSPICIOUS_MOVES = YES;
				CLANG_WARN_UNREACHABLE_CODE = YES;
				CLANG_WARN__DUPLICATE_METHOD_MATCH = YES;
				"CODE_SIGN_IDENTITY[sdk=iphoneos*]" = "iPhone Developer";
				COPY_PHASE_STRIP = NO;
				DEBUG_INFORMATION_FORMAT = dwarf;
				ENABLE_STRICT_OBJC_MSGSEND = YES;
				ENABLE_TESTABILITY = YES;
				GCC_C_LANGUAGE_STANDARD = gnu99;
				GCC_DYNAMIC_NO_PIC = NO;
				GCC_NO_COMMON_BLOCKS = YES;
				GCC_OPTIMIZATION_LEVEL = 0;
				GCC_PREPROCESSOR_DEFINITIONS = (
					"DEBUG=1",
					"$(inherited)",
				);
				GCC_WARN_64_TO_32_BIT_CONVERSION = YES;
				GCC_WARN_ABOUT_RETURN_TYPE = YES_ERROR;
				GCC_WARN_UNDECLARED_SELECTOR = YES;
				GCC_WARN_UNINITIALIZED_AUTOS = YES_AGGRESSIVE;
				GCC_WARN_UNUSED_FUNCTION = YES;
				GCC_WARN_UNUSED_VARIABLE = YES;
				IPHONEOS_DEPLOYMENT_TARGET = 10.1;
				MTL_ENABLE_DEBUG_INFO = YES;
				ONLY_ACTIVE_ARCH = YES;
				SDKROOT = iphoneos;
				SWIFT_ACTIVE_COMPILATION_CONDITIONS = DEBUG;
				SWIFT_OPTIMIZATION_LEVEL = "-Onone";
				TARGETED_DEVICE_FAMILY = "1,2";
			};
			name = Debug;
		};
		060285D11E1AEF1E00D804C1 /* Release */ = {
			isa = XCBuildConfiguration;
			buildSettings = {
				ALWAYS_SEARCH_USER_PATHS = NO;
				CLANG_ANALYZER_NONNULL = YES;
				CLANG_CXX_LANGUAGE_STANDARD = "gnu++0x";
				CLANG_CXX_LIBRARY = "libc++";
				CLANG_ENABLE_MODULES = YES;
				CLANG_ENABLE_OBJC_ARC = YES;
				CLANG_WARN_BOOL_CONVERSION = YES;
				CLANG_WARN_CONSTANT_CONVERSION = YES;
				CLANG_WARN_DIRECT_OBJC_ISA_USAGE = YES_ERROR;
				CLANG_WARN_DOCUMENTATION_COMMENTS = YES;
				CLANG_WARN_EMPTY_BODY = YES;
				CLANG_WARN_ENUM_CONVERSION = YES;
				CLANG_WARN_INFINITE_RECURSION = YES;
				CLANG_WARN_INT_CONVERSION = YES;
				CLANG_WARN_OBJC_ROOT_CLASS = YES_ERROR;
				CLANG_WARN_SUSPICIOUS_MOVES = YES;
				CLANG_WARN_UNREACHABLE_CODE = YES;
				CLANG_WARN__DUPLICATE_METHOD_MATCH = YES;
				"CODE_SIGN_IDENTITY[sdk=iphoneos*]" = "iPhone Developer";
				COPY_PHASE_STRIP = NO;
				DEBUG_INFORMATION_FORMAT = "dwarf-with-dsym";
				ENABLE_NS_ASSERTIONS = NO;
				ENABLE_STRICT_OBJC_MSGSEND = YES;
				GCC_C_LANGUAGE_STANDARD = gnu99;
				GCC_NO_COMMON_BLOCKS = YES;
				GCC_WARN_64_TO_32_BIT_CONVERSION = YES;
				GCC_WARN_ABOUT_RETURN_TYPE = YES_ERROR;
				GCC_WARN_UNDECLARED_SELECTOR = YES;
				GCC_WARN_UNINITIALIZED_AUTOS = YES_AGGRESSIVE;
				GCC_WARN_UNUSED_FUNCTION = YES;
				GCC_WARN_UNUSED_VARIABLE = YES;
				IPHONEOS_DEPLOYMENT_TARGET = 10.1;
				MTL_ENABLE_DEBUG_INFO = NO;
				SDKROOT = iphoneos;
				SWIFT_OPTIMIZATION_LEVEL = "-Owholemodule";
				TARGETED_DEVICE_FAMILY = "1,2";
				VALIDATE_PRODUCT = YES;
			};
			name = Release;
		};
		060285D31E1AEF1E00D804C1 /* Debug */ = {
			isa = XCBuildConfiguration;
			buildSettings = {
				ASSETCATALOG_COMPILER_APPICON_NAME = AppIcon;
				CODE_SIGN_ENTITLEMENTS = PushApp/PushApp.entitlements;
				DEVELOPMENT_TEAM = HP263EQS5E;
				INFOPLIST_FILE = PushApp/Info.plist;
				LD_RUNPATH_SEARCH_PATHS = "$(inherited) @executable_path/Frameworks";
				PRODUCT_BUNDLE_IDENTIFIER = ae.example.pushapp;
				PRODUCT_NAME = "$(TARGET_NAME)";
				PROVISIONING_PROFILE = "06260afb-e8d7-43d3-98da-69720d9eea4b";
				PROVISIONING_PROFILE_SPECIFIER = PushAppDevProvision;
				SWIFT_VERSION = 3.0;
			};
			name = Debug;
		};
		060285D41E1AEF1E00D804C1 /* Release */ = {
			isa = XCBuildConfiguration;
			buildSettings = {
				ASSETCATALOG_COMPILER_APPICON_NAME = AppIcon;
				CODE_SIGN_ENTITLEMENTS = PushApp/PushApp.entitlements;
				DEVELOPMENT_TEAM = "";
				INFOPLIST_FILE = PushApp/Info.plist;
				LD_RUNPATH_SEARCH_PATHS = "$(inherited) @executable_path/Frameworks";
				PRODUCT_BUNDLE_IDENTIFIER = ae.example.pushapp;
				PRODUCT_NAME = "$(TARGET_NAME)";
				SWIFT_VERSION = 3.0;
			};
			name = Release;
		};
/* End XCBuildConfiguration section */

/* Begin XCConfigurationList section */
		060285BB1E1AEF1E00D804C1 /* Build configuration list for PBXProject "PushApp" */ = {
			isa = XCConfigurationList;
			buildConfigurations = (
				060285D01E1AEF1E00D804C1 /* Debug */,
				060285D11E1AEF1E00D804C1 /* Release */,
			);
			defaultConfigurationIsVisible = 0;
			defaultConfigurationName = Release;
		};
		060285D21E1AEF1E00D804C1 /* Build configuration list for PBXNativeTarget "PushApp" */ = {
			isa = XCConfigurationList;
			buildConfigurations = (
				060285D31E1AEF1E00D804C1 /* Debug */,
				060285D41E1AEF1E00D804C1 /* Release */,
			);
			defaultConfigurationIsVisible = 0;
			defaultConfigurationName = Release;
		};
/* End XCConfigurationList section */
	};
	rootObject = 060285B81E1AEF1E00D804C1 /* Project object */;
}
