// !$*UTF8*$!
{
	archiveVersion = 1;
	classes = {
	};
	objectVersion = 46;
	objects = {

/* Begin PBXBuildFile section */
		DA22A86E1D2441430062C6F7 /* AppDelegate.swift in Sources */ = {isa = PBXBuildFile; fileRef = DA22A86D1D2441430062C6F7 /* AppDelegate.swift */; };
		DA22A8701D2441430062C6F7 /* ViewController.swift in Sources */ = {isa = PBXBuildFile; fileRef = DA22A86F1D2441430062C6F7 /* ViewController.swift */; };
		DA22A8731D2441430062C6F7 /* Main.storyboard in Resources */ = {isa = PBXBuildFile; fileRef = DA22A8711D2441430062C6F7 /* Main.storyboard */; };
		DA22A8751D2441430062C6F7 /* Assets.xcassets in Resources */ = {isa = PBXBuildFile; fileRef = DA22A8741D2441430062C6F7 /* Assets.xcassets */; };
		DA22A8781D2441430062C6F7 /* LaunchScreen.storyboard in Resources */ = {isa = PBXBuildFile; fileRef = DA22A8761D2441430062C6F7 /* LaunchScreen.storyboard */; };
		DA22A8821D2450C20062C6F7 /* Dubai1.jpg in Resources */ = {isa = PBXBuildFile; fileRef = DA22A87F1D2450C20062C6F7 /* Dubai1.jpg */; };
		DA22A8831D2450C20062C6F7 /* Dubai2.jpg in Resources */ = {isa = PBXBuildFile; fileRef = DA22A8801D2450C20062C6F7 /* Dubai2.jpg */; };
		DA22A8841D2450C20062C6F7 /* Dubai3.jpg in Resources */ = {isa = PBXBuildFile; fileRef = DA22A8811D2450C20062C6F7 /* Dubai3.jpg */; };
/* End PBXBuildFile section */

/* Begin PBXFileReference section */
		DA22A86A1D2441430062C6F7 /* StackViews.app */ = {isa = PBXFileReference; explicitFileType = wrapper.application; includeInIndex = 0; path = StackViews.app; sourceTree = BUILT_PRODUCTS_DIR; };
		DA22A86D1D2441430062C6F7 /* AppDelegate.swift */ = {isa = PBXFileReference; lastKnownFileType = sourcecode.swift; path = AppDelegate.swift; sourceTree = "<group>"; };
		DA22A86F1D2441430062C6F7 /* ViewController.swift */ = {isa = PBXFileReference; lastKnownFileType = sourcecode.swift; path = ViewController.swift; sourceTree = "<group>"; };
		DA22A8721D2441430062C6F7 /* Base */ = {isa = PBXFileReference; lastKnownFileType = file.storyboard; name = Base; path = Base.lproj/Main.storyboard; sourceTree = "<group>"; };
		DA22A8741D2441430062C6F7 /* Assets.xcassets */ = {isa = PBXFileReference; lastKnownFileType = folder.assetcatalog; path = Assets.xcassets; sourceTree = "<group>"; };
		DA22A8771D2441430062C6F7 /* Base */ = {isa = PBXFileReference; lastKnownFileType = file.storyboard; name = Base; path = Base.lproj/LaunchScreen.storyboard; sourceTree = "<group>"; };
		DA22A8791D2441430062C6F7 /* Info.plist */ = {isa = PBXFileReference; lastKnownFileType = text.plist.xml; path = Info.plist; sourceTree = "<group>"; };
		DA22A87F1D2450C20062C6F7 /* Dubai1.jpg */ = {isa = PBXFileReference; lastKnownFileType = image.jpeg; path = Dubai1.jpg; sourceTree = "<group>"; };
		DA22A8801D2450C20062C6F7 /* Dubai2.jpg */ = {isa = PBXFileReference; lastKnownFileType = image.jpeg; path = Dubai2.jpg; sourceTree = "<group>"; };
		DA22A8811D2450C20062C6F7 /* Dubai3.jpg */ = {isa = PBXFileReference; lastKnownFileType = image.jpeg; path = Dubai3.jpg; sourceTree = "<group>"; };
/* End PBXFileReference section */

/* Begin PBXFrameworksBuildPhase section */
		DA22A8671D2441430062C6F7 /* Frameworks */ = {
			isa = PBXFrameworksBuildPhase;
			buildActionMask = 2147483647;
			files = (
			);
			runOnlyForDeploymentPostprocessing = 0;
		};
/* End PBXFrameworksBuildPhase section */

/* Begin PBXGroup section */
		DA22A8611D2441430062C6F7 = {
			isa = PBXGroup;
			children = (
				DA22A86C1D2441430062C6F7 /* StackViews */,
				DA22A86B1D2441430062C6F7 /* Products */,
			);
			sourceTree = "<group>";
		};
		DA22A86B1D2441430062C6F7 /* Products */ = {
			isa = PBXGroup;
			children = (
				DA22A86A1D2441430062C6F7 /* StackViews.app */,
			);
			name = Products;
			sourceTree = "<group>";
		};
		DA22A86C1D2441430062C6F7 /* StackViews */ = {
			isa = PBXGroup;
			children = (
				DA22A87F1D2450C20062C6F7 /* Dubai1.jpg */,
				DA22A8801D2450C20062C6F7 /* Dubai2.jpg */,
				DA22A8811D2450C20062C6F7 /* Dubai3.jpg */,
				DA22A86D1D2441430062C6F7 /* AppDelegate.swift */,
				DA22A86F1D2441430062C6F7 /* ViewController.swift */,
				DA22A8711D2441430062C6F7 /* Main.storyboard */,
				DA22A8741D2441430062C6F7 /* Assets.xcassets */,
				DA22A8761D2441430062C6F7 /* LaunchScreen.storyboard */,
				DA22A8791D2441430062C6F7 /* Info.plist */,
			);
			path = StackViews;
			sourceTree = "<group>";
		};
/* End PBXGroup section */

/* Begin PBXNativeTarget section */
		DA22A8691D2441430062C6F7 /* StackViews */ = {
			isa = PBXNativeTarget;
			buildConfigurationList = DA22A87C1D2441430062C6F7 /* Build configuration list for PBXNativeTarget "StackViews" */;
			buildPhases = (
				DA22A8661D2441430062C6F7 /* Sources */,
				DA22A8671D2441430062C6F7 /* Frameworks */,
				DA22A8681D2441430062C6F7 /* Resources */,
			);
			buildRules = (
			);
			dependencies = (
			);
			name = StackViews;
			productName = StackViews;
			productReference = DA22A86A1D2441430062C6F7 /* StackViews.app */;
			productType = "com.apple.product-type.application";
		};
/* End PBXNativeTarget section */

/* Begin PBXProject section */
		DA22A8621D2441430062C6F7 /* Project object */ = {
			isa = PBXProject;
			attributes = {
				LastSwiftUpdateCheck = 0730;
				LastUpgradeCheck = 0730;
				ORGANIZATIONNAME = "Hossam Ghareeb";
				TargetAttributes = {
					DA22A8691D2441430062C6F7 = {
						CreatedOnToolsVersion = 7.3.1;
						LastSwiftMigration = 0820;
					};
				};
			};
			buildConfigurationList = DA22A8651D2441430062C6F7 /* Build configuration list for PBXProject "StackViews" */;
			compatibilityVersion = "Xcode 3.2";
			developmentRegion = English;
			hasScannedForEncodings = 0;
			knownRegions = (
				en,
				Base,
			);
			mainGroup = DA22A8611D2441430062C6F7;
			productRefGroup = DA22A86B1D2441430062C6F7 /* Products */;
			projectDirPath = "";
			projectRoot = "";
			targets = (
				DA22A8691D2441430062C6F7 /* StackViews */,
			);
		};
/* End PBXProject section */

/* Begin PBXResourcesBuildPhase section */
		DA22A8681D2441430062C6F7 /* Resources */ = {
			isa = PBXResourcesBuildPhase;
			buildActionMask = 2147483647;
			files = (
				DA22A8831D2450C20062C6F7 /* Dubai2.jpg in Resources */,
				DA22A8781D2441430062C6F7 /* LaunchScreen.storyboard in Resources */,
				DA22A8751D2441430062C6F7 /* Assets.xcassets in Resources */,
				DA22A8731D2441430062C6F7 /* Main.storyboard in Resources */,
				DA22A8821D2450C20062C6F7 /* Dubai1.jpg in Resources */,
				DA22A8841D2450C20062C6F7 /* Dubai3.jpg in Resources */,
			);
			runOnlyForDeploymentPostprocessing = 0;
		};
/* End PBXResourcesBuildPhase section */

/* Begin PBXSourcesBuildPhase section */
		DA22A8661D2441430062C6F7 /* Sources */ = {
			isa = PBXSourcesBuildPhase;
			buildActionMask = 2147483647;
			files = (
				DA22A8701D2441430062C6F7 /* ViewController.swift in Sources */,
				DA22A86E1D2441430062C6F7 /* AppDelegate.swift in Sources */,
			);
			runOnlyForDeploymentPostprocessing = 0;
		};
/* End PBXSourcesBuildPhase section */

/* Begin PBXVariantGroup section */
		DA22A8711D2441430062C6F7 /* Main.storyboard */ = {
			isa = PBXVariantGroup;
			children = (
				DA22A8721D2441430062C6F7 /* Base */,
			);
			name = Main.storyboard;
			sourceTree = "<group>";
		};
		DA22A8761D2441430062C6F7 /* LaunchScreen.storyboard */ = {
			isa = PBXVariantGroup;
			children = (
				DA22A8771D2441430062C6F7 /* Base */,
			);
			name = LaunchScreen.storyboard;
			sourceTree = "<group>";
		};
/* End PBXVariantGroup section */

/* Begin XCBuildConfiguration section */
		DA22A87A1D2441430062C6F7 /* Debug */ = {
			isa = XCBuildConfiguration;
			buildSettings = {
				ALWAYS_SEARCH_USER_PATHS = NO;
				CLANG_ANALYZER_NONNULL = YES;
				CLANG_CXX_LANGUAGE_STANDARD = "gnu++0x";
				CLANG_CXX_LIBRARY = "libc++";
				CLANG_ENABLE_MODULES = YES;
				CLANG_ENABLE_OBJC_ARC = YES;
				CLANG_WARN_BOOL_CONVERSION = YES;
				CLANG_WARN_CONSTANT_CONVERSION = YES;
				CLANG_WARN_DIRECT_OBJC_ISA_USAGE = YES_ERROR;
				CLANG_WARN_EMPTY_BODY = YES;
				CLANG_WARN_ENUM_CONVERSION = YES;
				CLANG_WARN_INT_CONVERSION = YES;
				CLANG_WARN_OBJC_ROOT_CLASS = YES_ERROR;
				CLANG_WARN_UNREACHABLE_CODE = YES;
				CLANG_WARN__DUPLICATE_METHOD_MATCH = YES;
				"CODE_SIGN_IDENTITY[sdk=iphoneos*]" = "iPhone Developer";
				COPY_PHASE_STRIP = NO;
				DEBUG_INFORMATION_FORMAT = dwarf;
				ENABLE_STRICT_OBJC_MSGSEND = YES;
				ENABLE_TESTABILITY = YES;
				GCC_C_LANGUAGE_STANDARD = gnu99;
				GCC_DYNAMIC_NO_PIC = NO;
				GCC_NO_COMMON_BLOCKS = YES;
				GCC_OPTIMIZATION_LEVEL = 0;
				GCC_PREPROCESSOR_DEFINITIONS = (
					"DEBUG=1",
					"$(inherited)",
				);
				GCC_WARN_64_TO_32_BIT_CONVERSION = YES;
				GCC_WARN_ABOUT_RETURN_TYPE = YES_ERROR;
				GCC_WARN_UNDECLARED_SELECTOR = YES;
				GCC_WARN_UNINITIALIZED_AUTOS = YES_AGGRESSIVE;
				GCC_WARN_UNUSED_FUNCTION = YES;
				GCC_WARN_UNUSED_VARIABLE = YES;
				IPHONEOS_DEPLOYMENT_TARGET = 9.3;
				MTL_ENABLE_DEBUG_INFO = YES;
				ONLY_ACTIVE_ARCH = YES;
				SDKROOT = iphoneos;
				SWIFT_OPTIMIZATION_LEVEL = "-Onone";
			};
			name = Debug;
		};
		DA22A87B1D2441430062C6F7 /* Release */ = {
			isa = XCBuildConfiguration;
			buildSettings = {
				ALWAYS_SEARCH_USER_PATHS = NO;
				CLANG_ANALYZER_NONNULL = YES;
				CLANG_CXX_LANGUAGE_STANDARD = "gnu++0x";
				CLANG_CXX_LIBRARY = "libc++";
				CLANG_ENABLE_MODULES = YES;
				CLANG_ENABLE_OBJC_ARC = YES;
				CLANG_WARN_BOOL_CONVERSION = YES;
				CLANG_WARN_CONSTANT_CONVERSION = YES;
				CLANG_WARN_DIRECT_OBJC_ISA_USAGE = YES_ERROR;
				CLANG_WARN_EMPTY_BODY = YES;
				CLANG_WARN_ENUM_CONVERSION = YES;
				CLANG_WARN_INT_CONVERSION = YES;
				CLANG_WARN_OBJC_ROOT_CLASS = YES_ERROR;
				CLANG_WARN_UNREACHABLE_CODE = YES;
				CLANG_WARN__DUPLICATE_METHOD_MATCH = YES;
				"CODE_SIGN_IDENTITY[sdk=iphoneos*]" = "iPhone Developer";
				COPY_PHASE_STRIP = NO;
				DEBUG_INFORMATION_FORMAT = "dwarf-with-dsym";
				ENABLE_NS_ASSERTIONS = NO;
				ENABLE_STRICT_OBJC_MSGSEND = YES;
				GCC_C_LANGUAGE_STANDARD = gnu99;
				GCC_NO_COMMON_BLOCKS = YES;
				GCC_WARN_64_TO_32_BIT_CONVERSION = YES;
				GCC_WARN_ABOUT_RETURN_TYPE = YES_ERROR;
				GCC_WARN_UNDECLARED_SELECTOR = YES;
				GCC_WARN_UNINITIALIZED_AUTOS = YES_AGGRESSIVE;
				GCC_WARN_UNUSED_FUNCTION = YES;
				GCC_WARN_UNUSED_VARIABLE = YES;
				IPHONEOS_DEPLOYMENT_TARGET = 9.3;
				MTL_ENABLE_DEBUG_INFO = NO;
				SDKROOT = iphoneos;
				VALIDATE_PRODUCT = YES;
			};
			name = Release;
		};
		DA22A87D1D2441430062C6F7 /* Debug */ = {
			isa = XCBuildConfiguration;
			buildSettings = {
				ASSETCATALOG_COMPILER_APPICON_NAME = AppIcon;
				INFOPLIST_FILE = StackViews/Info.plist;
				LD_RUNPATH_SEARCH_PATHS = "$(inherited) @executable_path/Frameworks";
				PRODUCT_BUNDLE_IDENTIFIER = hossam.StackViews;
				PRODUCT_NAME = "$(TARGET_NAME)";
				SWIFT_VERSION = 3.0;
			};
			name = Debug;
		};
		DA22A87E1D2441430062C6F7 /* Release */ = {
			isa = XCBuildConfiguration;
			buildSettings = {
				ASSETCATALOG_COMPILER_APPICON_NAME = AppIcon;
				INFOPLIST_FILE = StackViews/Info.plist;
				LD_RUNPATH_SEARCH_PATHS = "$(inherited) @executable_path/Frameworks";
				PRODUCT_BUNDLE_IDENTIFIER = hossam.StackViews;
				PRODUCT_NAME = "$(TARGET_NAME)";
				SWIFT_VERSION = 3.0;
			};
			name = Release;
		};
/* End XCBuildConfiguration section */

/* Begin XCConfigurationList section */
		DA22A8651D2441430062C6F7 /* Build configuration list for PBXProject "StackViews" */ = {
			isa = XCConfigurationList;
			buildConfigurations = (
				DA22A87A1D2441430062C6F7 /* Debug */,
				DA22A87B1D2441430062C6F7 /* Release */,
			);
			defaultConfigurationIsVisible = 0;
			defaultConfigurationName = Release;
		};
		DA22A87C1D2441430062C6F7 /* Build configuration list for PBXNativeTarget "StackViews" */ = {
			isa = XCConfigurationList;
			buildConfigurations = (
				DA22A87D1D2441430062C6F7 /* Debug */,
				DA22A87E1D2441430062C6F7 /* Release */,
			);
			defaultConfigurationIsVisible = 0;
			defaultConfigurationName = Release;
		};
/* End XCConfigurationList section */
	};
	rootObject = DA22A8621D2441430062C6F7 /* Project object */;
}
