// !$*UTF8*$!
{
	archiveVersion = 1;
	classes = {
	};
	objectVersion = 46;
	objects = {

/* Begin PBXBuildFile section */
		064837F61D8D9BEB00447F21 /* AppDelegate.swift in Sources */ = {isa = PBXBuildFile; fileRef = 064837F51D8D9BEB00447F21 /* AppDelegate.swift */; };
		064837F91D8D9BEB00447F21 /* UIViewAnimations.xcdatamodeld in Sources */ = {isa = PBXBuildFile; fileRef = 064837F71D8D9BEB00447F21 /* UIViewAnimations.xcdatamodeld */; };
		064837FB1D8D9BEB00447F21 /* MasterViewController.swift in Sources */ = {isa = PBXBuildFile; fileRef = 064837FA1D8D9BEB00447F21 /* MasterViewController.swift */; };
		064837FD1D8D9BEB00447F21 /* DetailViewController.swift in Sources */ = {isa = PBXBuildFile; fileRef = 064837FC1D8D9BEB00447F21 /* DetailViewController.swift */; };
		064838001D8D9BEB00447F21 /* Main.storyboard in Resources */ = {isa = PBXBuildFile; fileRef = 064837FE1D8D9BEB00447F21 /* Main.storyboard */; };
		064838021D8D9BEB00447F21 /* Assets.xcassets in Resources */ = {isa = PBXBuildFile; fileRef = 064838011D8D9BEB00447F21 /* Assets.xcassets */; };
		064838051D8D9BEB00447F21 /* LaunchScreen.storyboard in Resources */ = {isa = PBXBuildFile; fileRef = 064838031D8D9BEB00447F21 /* LaunchScreen.storyboard */; };
		06AFA75D1D91BE2F0041CEE4 /* NavigationFlipAnimator.swift in Sources */ = {isa = PBXBuildFile; fileRef = 06AFA75C1D91BE2F0041CEE4 /* NavigationFlipAnimator.swift */; };
/* End PBXBuildFile section */

/* Begin PBXFileReference section */
		064837F21D8D9BEB00447F21 /* UIViewAnimations.app */ = {isa = PBXFileReference; explicitFileType = wrapper.application; includeInIndex = 0; path = UIViewAnimations.app; sourceTree = BUILT_PRODUCTS_DIR; };
		064837F51D8D9BEB00447F21 /* AppDelegate.swift */ = {isa = PBXFileReference; lastKnownFileType = sourcecode.swift; path = AppDelegate.swift; sourceTree = "<group>"; };
		064837F81D8D9BEB00447F21 /* UIViewAnimations.xcdatamodel */ = {isa = PBXFileReference; lastKnownFileType = wrapper.xcdatamodel; path = UIViewAnimations.xcdatamodel; sourceTree = "<group>"; };
		064837FA1D8D9BEB00447F21 /* MasterViewController.swift */ = {isa = PBXFileReference; lastKnownFileType = sourcecode.swift; path = MasterViewController.swift; sourceTree = "<group>"; };
		064837FC1D8D9BEB00447F21 /* DetailViewController.swift */ = {isa = PBXFileReference; lastKnownFileType = sourcecode.swift; path = DetailViewController.swift; sourceTree = "<group>"; };
		064837FF1D8D9BEB00447F21 /* Base */ = {isa = PBXFileReference; lastKnownFileType = file.storyboard; name = Base; path = Base.lproj/Main.storyboard; sourceTree = "<group>"; };
		064838011D8D9BEB00447F21 /* Assets.xcassets */ = {isa = PBXFileReference; lastKnownFileType = folder.assetcatalog; path = Assets.xcassets; sourceTree = "<group>"; };
		064838041D8D9BEB00447F21 /* Base */ = {isa = PBXFileReference; lastKnownFileType = file.storyboard; name = Base; path = Base.lproj/LaunchScreen.storyboard; sourceTree = "<group>"; };
		064838061D8D9BEB00447F21 /* Info.plist */ = {isa = PBXFileReference; lastKnownFileType = text.plist.xml; path = Info.plist; sourceTree = "<group>"; };
		06AFA75C1D91BE2F0041CEE4 /* NavigationFlipAnimator.swift */ = {isa = PBXFileReference; fileEncoding = 4; lastKnownFileType = sourcecode.swift; path = NavigationFlipAnimator.swift; sourceTree = "<group>"; };
/* End PBXFileReference section */

/* Begin PBXFrameworksBuildPhase section */
		064837EF1D8D9BEB00447F21 /* Frameworks */ = {
			isa = PBXFrameworksBuildPhase;
			buildActionMask = 2147483647;
			files = (
			);
			runOnlyForDeploymentPostprocessing = 0;
		};
/* End PBXFrameworksBuildPhase section */

/* Begin PBXGroup section */
		064837E91D8D9BEB00447F21 = {
			isa = PBXGroup;
			children = (
				064837F41D8D9BEB00447F21 /* UIViewAnimations */,
				064837F31D8D9BEB00447F21 /* Products */,
			);
			sourceTree = "<group>";
		};
		064837F31D8D9BEB00447F21 /* Products */ = {
			isa = PBXGroup;
			children = (
				064837F21D8D9BEB00447F21 /* UIViewAnimations.app */,
			);
			name = Products;
			sourceTree = "<group>";
		};
		064837F41D8D9BEB00447F21 /* UIViewAnimations */ = {
			isa = PBXGroup;
			children = (
				064837F51D8D9BEB00447F21 /* AppDelegate.swift */,
				064837FA1D8D9BEB00447F21 /* MasterViewController.swift */,
				064837FC1D8D9BEB00447F21 /* DetailViewController.swift */,
				064837FE1D8D9BEB00447F21 /* Main.storyboard */,
				064838011D8D9BEB00447F21 /* Assets.xcassets */,
				064838031D8D9BEB00447F21 /* LaunchScreen.storyboard */,
				064838061D8D9BEB00447F21 /* Info.plist */,
				064837F71D8D9BEB00447F21 /* UIViewAnimations.xcdatamodeld */,
				06AFA75C1D91BE2F0041CEE4 /* NavigationFlipAnimator.swift */,
			);
			path = UIViewAnimations;
			sourceTree = "<group>";
		};
/* End PBXGroup section */

/* Begin PBXNativeTarget section */
		064837F11D8D9BEB00447F21 /* UIViewAnimations */ = {
			isa = PBXNativeTarget;
			buildConfigurationList = 064838091D8D9BEB00447F21 /* Build configuration list for PBXNativeTarget "UIViewAnimations" */;
			buildPhases = (
				064837EE1D8D9BEB00447F21 /* Sources */,
				064837EF1D8D9BEB00447F21 /* Frameworks */,
				064837F01D8D9BEB00447F21 /* Resources */,
			);
			buildRules = (
			);
			dependencies = (
			);
			name = UIViewAnimations;
			productName = UIViewAnimations;
			productReference = 064837F21D8D9BEB00447F21 /* UIViewAnimations.app */;
			productType = "com.apple.product-type.application";
		};
/* End PBXNativeTarget section */

/* Begin PBXProject section */
		064837EA1D8D9BEB00447F21 /* Project object */ = {
			isa = PBXProject;
			attributes = {
				LastSwiftUpdateCheck = 0800;
				LastUpgradeCheck = 0800;
				ORGANIZATIONNAME = "Hossam Ghareeb";
				TargetAttributes = {
					064837F11D8D9BEB00447F21 = {
						CreatedOnToolsVersion = 8.0;
						DevelopmentTeam = 3Q27BC9WV8;
						ProvisioningStyle = Automatic;
					};
				};
			};
			buildConfigurationList = 064837ED1D8D9BEB00447F21 /* Build configuration list for PBXProject "UIViewAnimations" */;
			compatibilityVersion = "Xcode 3.2";
			developmentRegion = English;
			hasScannedForEncodings = 0;
			knownRegions = (
				en,
				Base,
			);
			mainGroup = 064837E91D8D9BEB00447F21;
			productRefGroup = 064837F31D8D9BEB00447F21 /* Products */;
			projectDirPath = "";
			projectRoot = "";
			targets = (
				064837F11D8D9BEB00447F21 /* UIViewAnimations */,
			);
		};
/* End PBXProject section */

/* Begin PBXResourcesBuildPhase section */
		064837F01D8D9BEB00447F21 /* Resources */ = {
			isa = PBXResourcesBuildPhase;
			buildActionMask = 2147483647;
			files = (
				064838051D8D9BEB00447F21 /* LaunchScreen.storyboard in Resources */,
				064838021D8D9BEB00447F21 /* Assets.xcassets in Resources */,
				064838001D8D9BEB00447F21 /* Main.storyboard in Resources */,
			);
			runOnlyForDeploymentPostprocessing = 0;
		};
/* End PBXResourcesBuildPhase section */

/* Begin PBXSourcesBuildPhase section */
		064837EE1D8D9BEB00447F21 /* Sources */ = {
			isa = PBXSourcesBuildPhase;
			buildActionMask = 2147483647;
			files = (
				064837F61D8D9BEB00447F21 /* AppDelegate.swift in Sources */,
				064837F91D8D9BEB00447F21 /* UIViewAnimations.xcdatamodeld in Sources */,
				064837FB1D8D9BEB00447F21 /* MasterViewController.swift in Sources */,
				064837FD1D8D9BEB00447F21 /* DetailViewController.swift in Sources */,
				06AFA75D1D91BE2F0041CEE4 /* NavigationFlipAnimator.swift in Sources */,
			);
			runOnlyForDeploymentPostprocessing = 0;
		};
/* End PBXSourcesBuildPhase section */

/* Begin PBXVariantGroup section */
		064837FE1D8D9BEB00447F21 /* Main.storyboard */ = {
			isa = PBXVariantGroup;
			children = (
				064837FF1D8D9BEB00447F21 /* Base */,
			);
			name = Main.storyboard;
			sourceTree = "<group>";
		};
		064838031D8D9BEB00447F21 /* LaunchScreen.storyboard */ = {
			isa = PBXVariantGroup;
			children = (
				064838041D8D9BEB00447F21 /* Base */,
			);
			name = LaunchScreen.storyboard;
			sourceTree = "<group>";
		};
/* End PBXVariantGroup section */

/* Begin XCBuildConfiguration section */
		064838071D8D9BEB00447F21 /* Debug */ = {
			isa = XCBuildConfiguration;
			buildSettings = {
				ALWAYS_SEARCH_USER_PATHS = NO;
				CLANG_ANALYZER_NONNULL = YES;
				CLANG_CXX_LANGUAGE_STANDARD = "gnu++0x";
				CLANG_CXX_LIBRARY = "libc++";
				CLANG_ENABLE_MODULES = YES;
				CLANG_ENABLE_OBJC_ARC = YES;
				CLANG_WARN_BOOL_CONVERSION = YES;
				CLANG_WARN_CONSTANT_CONVERSION = YES;
				CLANG_WARN_DIRECT_OBJC_ISA_USAGE = YES_ERROR;
				CLANG_WARN_DOCUMENTATION_COMMENTS = YES;
				CLANG_WARN_EMPTY_BODY = YES;
				CLANG_WARN_ENUM_CONVERSION = YES;
				CLANG_WARN_INFINITE_RECURSION = YES;
				CLANG_WARN_INT_CONVERSION = YES;
				CLANG_WARN_OBJC_ROOT_CLASS = YES_ERROR;
				CLANG_WARN_SUSPICIOUS_MOVES = YES;
				CLANG_WARN_UNREACHABLE_CODE = YES;
				CLANG_WARN__DUPLICATE_METHOD_MATCH = YES;
				"CODE_SIGN_IDENTITY[sdk=iphoneos*]" = "iPhone Developer";
				COPY_PHASE_STRIP = NO;
				DEBUG_INFORMATION_FORMAT = dwarf;
				ENABLE_STRICT_OBJC_MSGSEND = YES;
				ENABLE_TESTABILITY = YES;
				GCC_C_LANGUAGE_STANDARD = gnu99;
				GCC_DYNAMIC_NO_PIC = NO;
				GCC_NO_COMMON_BLOCKS = YES;
				GCC_OPTIMIZATION_LEVEL = 0;
				GCC_PREPROCESSOR_DEFINITIONS = (
					"DEBUG=1",
					"$(inherited)",
				);
				GCC_WARN_64_TO_32_BIT_CONVERSION = YES;
				GCC_WARN_ABOUT_RETURN_TYPE = YES_ERROR;
				GCC_WARN_UNDECLARED_SELECTOR = YES;
				GCC_WARN_UNINITIALIZED_AUTOS = YES_AGGRESSIVE;
				GCC_WARN_UNUSED_FUNCTION = YES;
				GCC_WARN_UNUSED_VARIABLE = YES;
				IPHONEOS_DEPLOYMENT_TARGET = 10.0;
				MTL_ENABLE_DEBUG_INFO = YES;
				ONLY_ACTIVE_ARCH = YES;
				SDKROOT = iphoneos;
				SWIFT_ACTIVE_COMPILATION_CONDITIONS = DEBUG;
				SWIFT_OPTIMIZATION_LEVEL = "-Onone";
			};
			name = Debug;
		};
		064838081D8D9BEB00447F21 /* Release */ = {
			isa = XCBuildConfiguration;
			buildSettings = {
				ALWAYS_SEARCH_USER_PATHS = NO;
				CLANG_ANALYZER_NONNULL = YES;
				CLANG_CXX_LANGUAGE_STANDARD = "gnu++0x";
				CLANG_CXX_LIBRARY = "libc++";
				CLANG_ENABLE_MODULES = YES;
				CLANG_ENABLE_OBJC_ARC = YES;
				CLANG_WARN_BOOL_CONVERSION = YES;
				CLANG_WARN_CONSTANT_CONVERSION = YES;
				CLANG_WARN_DIRECT_OBJC_ISA_USAGE = YES_ERROR;
				CLANG_WARN_DOCUMENTATION_COMMENTS = YES;
				CLANG_WARN_EMPTY_BODY = YES;
				CLANG_WARN_ENUM_CONVERSION = YES;
				CLANG_WARN_INFINITE_RECURSION = YES;
				CLANG_WARN_INT_CONVERSION = YES;
				CLANG_WARN_OBJC_ROOT_CLASS = YES_ERROR;
				CLANG_WARN_SUSPICIOUS_MOVES = YES;
				CLANG_WARN_UNREACHABLE_CODE = YES;
				CLANG_WARN__DUPLICATE_METHOD_MATCH = YES;
				"CODE_SIGN_IDENTITY[sdk=iphoneos*]" = "iPhone Developer";
				COPY_PHASE_STRIP = NO;
				DEBUG_INFORMATION_FORMAT = "dwarf-with-dsym";
				ENABLE_NS_ASSERTIONS = NO;
				ENABLE_STRICT_OBJC_MSGSEND = YES;
				GCC_C_LANGUAGE_STANDARD = gnu99;
				GCC_NO_COMMON_BLOCKS = YES;
				GCC_WARN_64_TO_32_BIT_CONVERSION = YES;
				GCC_WARN_ABOUT_RETURN_TYPE = YES_ERROR;
				GCC_WARN_UNDECLARED_SELECTOR = YES;
				GCC_WARN_UNINITIALIZED_AUTOS = YES_AGGRESSIVE;
				GCC_WARN_UNUSED_FUNCTION = YES;
				GCC_WARN_UNUSED_VARIABLE = YES;
				IPHONEOS_DEPLOYMENT_TARGET = 10.0;
				MTL_ENABLE_DEBUG_INFO = NO;
				SDKROOT = iphoneos;
				SWIFT_OPTIMIZATION_LEVEL = "-Owholemodule";
				VALIDATE_PRODUCT = YES;
			};
			name = Release;
		};
		0648380A1D8D9BEB00447F21 /* Debug */ = {
			isa = XCBuildConfiguration;
			buildSettings = {
				ASSETCATALOG_COMPILER_APPICON_NAME = AppIcon;
				DEVELOPMENT_TEAM = 3Q27BC9WV8;
				INFOPLIST_FILE = UIViewAnimations/Info.plist;
				LD_RUNPATH_SEARCH_PATHS = "$(inherited) @executable_path/Frameworks";
				PRODUCT_BUNDLE_IDENTIFIER = hossam.UIViewAnimations;
				PRODUCT_NAME = "$(TARGET_NAME)";
				SWIFT_VERSION = 3.0;
			};
			name = Debug;
		};
		0648380B1D8D9BEB00447F21 /* Release */ = {
			isa = XCBuildConfiguration;
			buildSettings = {
				ASSETCATALOG_COMPILER_APPICON_NAME = AppIcon;
				DEVELOPMENT_TEAM = 3Q27BC9WV8;
				INFOPLIST_FILE = UIViewAnimations/Info.plist;
				LD_RUNPATH_SEARCH_PATHS = "$(inherited) @executable_path/Frameworks";
				PRODUCT_BUNDLE_IDENTIFIER = hossam.UIViewAnimations;
				PRODUCT_NAME = "$(TARGET_NAME)";
				SWIFT_VERSION = 3.0;
			};
			name = Release;
		};
/* End XCBuildConfiguration section */

/* Begin XCConfigurationList section */
		064837ED1D8D9BEB00447F21 /* Build configuration list for PBXProject "UIViewAnimations" */ = {
			isa = XCConfigurationList;
			buildConfigurations = (
				064838071D8D9BEB00447F21 /* Debug */,
				064838081D8D9BEB00447F21 /* Release */,
			);
			defaultConfigurationIsVisible = 0;
			defaultConfigurationName = Release;
		};
		064838091D8D9BEB00447F21 /* Build configuration list for PBXNativeTarget "UIViewAnimations" */ = {
			isa = XCConfigurationList;
			buildConfigurations = (
				0648380A1D8D9BEB00447F21 /* Debug */,
				0648380B1D8D9BEB00447F21 /* Release */,
			);
			defaultConfigurationIsVisible = 0;
			defaultConfigurationName = Release;
		};
/* End XCConfigurationList section */

/* Begin XCVersionGroup section */
		064837F71D8D9BEB00447F21 /* UIViewAnimations.xcdatamodeld */ = {
			isa = XCVersionGroup;
			children = (
				064837F81D8D9BEB00447F21 /* UIViewAnimations.xcdatamodel */,
			);
			currentVersion = 064837F81D8D9BEB00447F21 /* UIViewAnimations.xcdatamodel */;
			path = UIViewAnimations.xcdatamodeld;
			sourceTree = "<group>";
			versionGroupType = wrapper.xcdatamodel;
		};
/* End XCVersionGroup section */
	};
	rootObject = 064837EA1D8D9BEB00447F21 /* Project object */;
}
