// !$*UTF8*$!
{
	archiveVersion = 1;
	classes = {
	};
	objectVersion = 46;
	objects = {

/* Begin PBXBuildFile section */
		0605EBC21D1E853F004859F9 /* CircularProgressBar.swift in Sources */ = {isa = PBXBuildFile; fileRef = 0605EBC11D1E853F004859F9 /* CircularProgressBar.swift */; };
		DA60A69A1D1E5198001AC701 /* AppDelegate.swift in Sources */ = {isa = PBXBuildFile; fileRef = DA60A6991D1E5198001AC701 /* AppDelegate.swift */; };
		DA60A69C1D1E5198001AC701 /* ViewController.swift in Sources */ = {isa = PBXBuildFile; fileRef = DA60A69B1D1E5198001AC701 /* ViewController.swift */; };
		DA60A69F1D1E5198001AC701 /* Main.storyboard in Resources */ = {isa = PBXBuildFile; fileRef = DA60A69D1D1E5198001AC701 /* Main.storyboard */; };
		DA60A6A11D1E5198001AC701 /* Assets.xcassets in Resources */ = {isa = PBXBuildFile; fileRef = DA60A6A01D1E5198001AC701 /* Assets.xcassets */; };
		DA60A6A41D1E5198001AC701 /* LaunchScreen.storyboard in Resources */ = {isa = PBXBuildFile; fileRef = DA60A6A21D1E5198001AC701 /* LaunchScreen.storyboard */; };
/* End PBXBuildFile section */

/* Begin PBXFileReference section */
		0605EBC11D1E853F004859F9 /* CircularProgressBar.swift */ = {isa = PBXFileReference; fileEncoding = 4; lastKnownFileType = sourcecode.swift; path = CircularProgressBar.swift; sourceTree = "<group>"; };
		DA60A6961D1E5197001AC701 /* UIViews.app */ = {isa = PBXFileReference; explicitFileType = wrapper.application; includeInIndex = 0; path = UIViews.app; sourceTree = BUILT_PRODUCTS_DIR; };
		DA60A6991D1E5198001AC701 /* AppDelegate.swift */ = {isa = PBXFileReference; lastKnownFileType = sourcecode.swift; path = AppDelegate.swift; sourceTree = "<group>"; };
		DA60A69B1D1E5198001AC701 /* ViewController.swift */ = {isa = PBXFileReference; lastKnownFileType = sourcecode.swift; path = ViewController.swift; sourceTree = "<group>"; };
		DA60A69E1D1E5198001AC701 /* Base */ = {isa = PBXFileReference; lastKnownFileType = file.storyboard; name = Base; path = Base.lproj/Main.storyboard; sourceTree = "<group>"; };
		DA60A6A01D1E5198001AC701 /* Assets.xcassets */ = {isa = PBXFileReference; lastKnownFileType = folder.assetcatalog; path = Assets.xcassets; sourceTree = "<group>"; };
		DA60A6A31D1E5198001AC701 /* Base */ = {isa = PBXFileReference; lastKnownFileType = file.storyboard; name = Base; path = Base.lproj/LaunchScreen.storyboard; sourceTree = "<group>"; };
		DA60A6A51D1E5198001AC701 /* Info.plist */ = {isa = PBXFileReference; lastKnownFileType = text.plist.xml; path = Info.plist; sourceTree = "<group>"; };
/* End PBXFileReference section */

/* Begin PBXFrameworksBuildPhase section */
		DA60A6931D1E5197001AC701 /* Frameworks */ = {
			isa = PBXFrameworksBuildPhase;
			buildActionMask = 2147483647;
			files = (
			);
			runOnlyForDeploymentPostprocessing = 0;
		};
/* End PBXFrameworksBuildPhase section */

/* Begin PBXGroup section */
		DA60A68D1D1E5197001AC701 = {
			isa = PBXGroup;
			children = (
				DA60A6981D1E5197001AC701 /* UIViews */,
				DA60A6971D1E5197001AC701 /* Products */,
			);
			sourceTree = "<group>";
		};
		DA60A6971D1E5197001AC701 /* Products */ = {
			isa = PBXGroup;
			children = (
				DA60A6961D1E5197001AC701 /* UIViews.app */,
			);
			name = Products;
			sourceTree = "<group>";
		};
		DA60A6981D1E5197001AC701 /* UIViews */ = {
			isa = PBXGroup;
			children = (
				DA60A6991D1E5198001AC701 /* AppDelegate.swift */,
				0605EBC11D1E853F004859F9 /* CircularProgressBar.swift */,
				DA60A69B1D1E5198001AC701 /* ViewController.swift */,
				DA60A69D1D1E5198001AC701 /* Main.storyboard */,
				DA60A6A01D1E5198001AC701 /* Assets.xcassets */,
				DA60A6A21D1E5198001AC701 /* LaunchScreen.storyboard */,
				DA60A6A51D1E5198001AC701 /* Info.plist */,
			);
			path = UIViews;
			sourceTree = "<group>";
		};
/* End PBXGroup section */

/* Begin PBXNativeTarget section */
		DA60A6951D1E5197001AC701 /* UIViews */ = {
			isa = PBXNativeTarget;
			buildConfigurationList = DA60A6A81D1E5198001AC701 /* Build configuration list for PBXNativeTarget "UIViews" */;
			buildPhases = (
				DA60A6921D1E5197001AC701 /* Sources */,
				DA60A6931D1E5197001AC701 /* Frameworks */,
				DA60A6941D1E5197001AC701 /* Resources */,
			);
			buildRules = (
			);
			dependencies = (
			);
			name = UIViews;
			productName = UIViews;
			productReference = DA60A6961D1E5197001AC701 /* UIViews.app */;
			productType = "com.apple.product-type.application";
		};
/* End PBXNativeTarget section */

/* Begin PBXProject section */
		DA60A68E1D1E5197001AC701 /* Project object */ = {
			isa = PBXProject;
			attributes = {
				LastSwiftUpdateCheck = 0730;
				LastUpgradeCheck = 0730;
				ORGANIZATIONNAME = "Hossam Ghareeb";
				TargetAttributes = {
					DA60A6951D1E5197001AC701 = {
						CreatedOnToolsVersion = 7.3.1;
						LastSwiftMigration = 0820;
					};
				};
			};
			buildConfigurationList = DA60A6911D1E5197001AC701 /* Build configuration list for PBXProject "UIViews" */;
			compatibilityVersion = "Xcode 3.2";
			developmentRegion = English;
			hasScannedForEncodings = 0;
			knownRegions = (
				en,
				Base,
			);
			mainGroup = DA60A68D1D1E5197001AC701;
			productRefGroup = DA60A6971D1E5197001AC701 /* Products */;
			projectDirPath = "";
			projectRoot = "";
			targets = (
				DA60A6951D1E5197001AC701 /* UIViews */,
			);
		};
/* End PBXProject section */

/* Begin PBXResourcesBuildPhase section */
		DA60A6941D1E5197001AC701 /* Resources */ = {
			isa = PBXResourcesBuildPhase;
			buildActionMask = 2147483647;
			files = (
				DA60A6A41D1E5198001AC701 /* LaunchScreen.storyboard in Resources */,
				DA60A6A11D1E5198001AC701 /* Assets.xcassets in Resources */,
				DA60A69F1D1E5198001AC701 /* Main.storyboard in Resources */,
			);
			runOnlyForDeploymentPostprocessing = 0;
		};
/* End PBXResourcesBuildPhase section */

/* Begin PBXSourcesBuildPhase section */
		DA60A6921D1E5197001AC701 /* Sources */ = {
			isa = PBXSourcesBuildPhase;
			buildActionMask = 2147483647;
			files = (
				0605EBC21D1E853F004859F9 /* CircularProgressBar.swift in Sources */,
				DA60A69C1D1E5198001AC701 /* ViewController.swift in Sources */,
				DA60A69A1D1E5198001AC701 /* AppDelegate.swift in Sources */,
			);
			runOnlyForDeploymentPostprocessing = 0;
		};
/* End PBXSourcesBuildPhase section */

/* Begin PBXVariantGroup section */
		DA60A69D1D1E5198001AC701 /* Main.storyboard */ = {
			isa = PBXVariantGroup;
			children = (
				DA60A69E1D1E5198001AC701 /* Base */,
			);
			name = Main.storyboard;
			sourceTree = "<group>";
		};
		DA60A6A21D1E5198001AC701 /* LaunchScreen.storyboard */ = {
			isa = PBXVariantGroup;
			children = (
				DA60A6A31D1E5198001AC701 /* Base */,
			);
			name = LaunchScreen.storyboard;
			sourceTree = "<group>";
		};
/* End PBXVariantGroup section */

/* Begin XCBuildConfiguration section */
		DA60A6A61D1E5198001AC701 /* Debug */ = {
			isa = XCBuildConfiguration;
			buildSettings = {
				ALWAYS_SEARCH_USER_PATHS = NO;
				CLANG_ANALYZER_NONNULL = YES;
				CLANG_CXX_LANGUAGE_STANDARD = "gnu++0x";
				CLANG_CXX_LIBRARY = "libc++";
				CLANG_ENABLE_MODULES = YES;
				CLANG_ENABLE_OBJC_ARC = YES;
				CLANG_WARN_BOOL_CONVERSION = YES;
				CLANG_WARN_CONSTANT_CONVERSION = YES;
				CLANG_WARN_DIRECT_OBJC_ISA_USAGE = YES_ERROR;
				CLANG_WARN_EMPTY_BODY = YES;
				CLANG_WARN_ENUM_CONVERSION = YES;
				CLANG_WARN_INT_CONVERSION = YES;
				CLANG_WARN_OBJC_ROOT_CLASS = YES_ERROR;
				CLANG_WARN_UNREACHABLE_CODE = YES;
				CLANG_WARN__DUPLICATE_METHOD_MATCH = YES;
				"CODE_SIGN_IDENTITY[sdk=iphoneos*]" = "iPhone Developer";
				COPY_PHASE_STRIP = NO;
				DEBUG_INFORMATION_FORMAT = dwarf;
				ENABLE_STRICT_OBJC_MSGSEND = YES;
				ENABLE_TESTABILITY = YES;
				GCC_C_LANGUAGE_STANDARD = gnu99;
				GCC_DYNAMIC_NO_PIC = NO;
				GCC_NO_COMMON_BLOCKS = YES;
				GCC_OPTIMIZATION_LEVEL = 0;
				GCC_PREPROCESSOR_DEFINITIONS = (
					"DEBUG=1",
					"$(inherited)",
				);
				GCC_WARN_64_TO_32_BIT_CONVERSION = YES;
				GCC_WARN_ABOUT_RETURN_TYPE = YES_ERROR;
				GCC_WARN_UNDECLARED_SELECTOR = YES;
				GCC_WARN_UNINITIALIZED_AUTOS = YES_AGGRESSIVE;
				GCC_WARN_UNUSED_FUNCTION = YES;
				GCC_WARN_UNUSED_VARIABLE = YES;
				IPHONEOS_DEPLOYMENT_TARGET = 9.3;
				MTL_ENABLE_DEBUG_INFO = YES;
				ONLY_ACTIVE_ARCH = YES;
				SDKROOT = iphoneos;
				SWIFT_OPTIMIZATION_LEVEL = "-Onone";
			};
			name = Debug;
		};
		DA60A6A71D1E5198001AC701 /* Release */ = {
			isa = XCBuildConfiguration;
			buildSettings = {
				ALWAYS_SEARCH_USER_PATHS = NO;
				CLANG_ANALYZER_NONNULL = YES;
				CLANG_CXX_LANGUAGE_STANDARD = "gnu++0x";
				CLANG_CXX_LIBRARY = "libc++";
				CLANG_ENABLE_MODULES = YES;
				CLANG_ENABLE_OBJC_ARC = YES;
				CLANG_WARN_BOOL_CONVERSION = YES;
				CLANG_WARN_CONSTANT_CONVERSION = YES;
				CLANG_WARN_DIRECT_OBJC_ISA_USAGE = YES_ERROR;
				CLANG_WARN_EMPTY_BODY = YES;
				CLANG_WARN_ENUM_CONVERSION = YES;
				CLANG_WARN_INT_CONVERSION = YES;
				CLANG_WARN_OBJC_ROOT_CLASS = YES_ERROR;
				CLANG_WARN_UNREACHABLE_CODE = YES;
				CLANG_WARN__DUPLICATE_METHOD_MATCH = YES;
				"CODE_SIGN_IDENTITY[sdk=iphoneos*]" = "iPhone Developer";
				COPY_PHASE_STRIP = NO;
				DEBUG_INFORMATION_FORMAT = "dwarf-with-dsym";
				ENABLE_NS_ASSERTIONS = NO;
				ENABLE_STRICT_OBJC_MSGSEND = YES;
				GCC_C_LANGUAGE_STANDARD = gnu99;
				GCC_NO_COMMON_BLOCKS = YES;
				GCC_WARN_64_TO_32_BIT_CONVERSION = YES;
				GCC_WARN_ABOUT_RETURN_TYPE = YES_ERROR;
				GCC_WARN_UNDECLARED_SELECTOR = YES;
				GCC_WARN_UNINITIALIZED_AUTOS = YES_AGGRESSIVE;
				GCC_WARN_UNUSED_FUNCTION = YES;
				GCC_WARN_UNUSED_VARIABLE = YES;
				IPHONEOS_DEPLOYMENT_TARGET = 9.3;
				MTL_ENABLE_DEBUG_INFO = NO;
				SDKROOT = iphoneos;
				VALIDATE_PRODUCT = YES;
			};
			name = Release;
		};
		DA60A6A91D1E5198001AC701 /* Debug */ = {
			isa = XCBuildConfiguration;
			buildSettings = {
				ASSETCATALOG_COMPILER_APPICON_NAME = AppIcon;
				INFOPLIST_FILE = UIViews/Info.plist;
				LD_RUNPATH_SEARCH_PATHS = "$(inherited) @executable_path/Frameworks";
				PRODUCT_BUNDLE_IDENTIFIER = hossam.UIViews;
				PRODUCT_NAME = "$(TARGET_NAME)";
				SWIFT_VERSION = 3.0;
			};
			name = Debug;
		};
		DA60A6AA1D1E5198001AC701 /* Release */ = {
			isa = XCBuildConfiguration;
			buildSettings = {
				ASSETCATALOG_COMPILER_APPICON_NAME = AppIcon;
				INFOPLIST_FILE = UIViews/Info.plist;
				LD_RUNPATH_SEARCH_PATHS = "$(inherited) @executable_path/Frameworks";
				PRODUCT_BUNDLE_IDENTIFIER = hossam.UIViews;
				PRODUCT_NAME = "$(TARGET_NAME)";
				SWIFT_VERSION = 3.0;
			};
			name = Release;
		};
/* End XCBuildConfiguration section */

/* Begin XCConfigurationList section */
		DA60A6911D1E5197001AC701 /* Build configuration list for PBXProject "UIViews" */ = {
			isa = XCConfigurationList;
			buildConfigurations = (
				DA60A6A61D1E5198001AC701 /* Debug */,
				DA60A6A71D1E5198001AC701 /* Release */,
			);
			defaultConfigurationIsVisible = 0;
			defaultConfigurationName = Release;
		};
		DA60A6A81D1E5198001AC701 /* Build configuration list for PBXNativeTarget "UIViews" */ = {
			isa = XCConfigurationList;
			buildConfigurations = (
				DA60A6A91D1E5198001AC701 /* Debug */,
				DA60A6AA1D1E5198001AC701 /* Release */,
			);
			defaultConfigurationIsVisible = 0;
			defaultConfigurationName = Release;
		};
/* End XCConfigurationList section */
	};
	rootObject = DA60A68E1D1E5197001AC701 /* Project object */;
}
