// !$*UTF8*$!
{
	archiveVersion = 1;
	classes = {
	};
	objectVersion = 46;
	objects = {

/* Begin PBXBuildFile section */
		063508241D99B4B200FA61D7 /* AppDelegate.swift in Sources */ = {isa = PBXBuildFile; fileRef = 063508231D99B4B200FA61D7 /* AppDelegate.swift */; };
		063508261D99B4B200FA61D7 /* ViewController.swift in Sources */ = {isa = PBXBuildFile; fileRef = 063508251D99B4B200FA61D7 /* ViewController.swift */; };
		063508291D99B4B200FA61D7 /* Main.storyboard in Resources */ = {isa = PBXBuildFile; fileRef = 063508271D99B4B200FA61D7 /* Main.storyboard */; };
		0635082B1D99B4B200FA61D7 /* Assets.xcassets in Resources */ = {isa = PBXBuildFile; fileRef = 0635082A1D99B4B200FA61D7 /* Assets.xcassets */; };
		0635082E1D99B4B200FA61D7 /* LaunchScreen.storyboard in Resources */ = {isa = PBXBuildFile; fileRef = 0635082C1D99B4B200FA61D7 /* LaunchScreen.storyboard */; };
		0685ABED1D9AED550097A9A3 /* SampleVideo.mp4 in Resources */ = {isa = PBXBuildFile; fileRef = 0685ABEC1D9AED550097A9A3 /* SampleVideo.mp4 */; };
/* End PBXBuildFile section */

/* Begin PBXFileReference section */
		063508201D99B4B200FA61D7 /* PlayingWithVideo.app */ = {isa = PBXFileReference; explicitFileType = wrapper.application; includeInIndex = 0; path = PlayingWithVideo.app; sourceTree = BUILT_PRODUCTS_DIR; };
		063508231D99B4B200FA61D7 /* AppDelegate.swift */ = {isa = PBXFileReference; lastKnownFileType = sourcecode.swift; path = AppDelegate.swift; sourceTree = "<group>"; };
		063508251D99B4B200FA61D7 /* ViewController.swift */ = {isa = PBXFileReference; lastKnownFileType = sourcecode.swift; path = ViewController.swift; sourceTree = "<group>"; };
		063508281D99B4B200FA61D7 /* Base */ = {isa = PBXFileReference; lastKnownFileType = file.storyboard; name = Base; path = Base.lproj/Main.storyboard; sourceTree = "<group>"; };
		0635082A1D99B4B200FA61D7 /* Assets.xcassets */ = {isa = PBXFileReference; lastKnownFileType = folder.assetcatalog; path = Assets.xcassets; sourceTree = "<group>"; };
		0635082D1D99B4B200FA61D7 /* Base */ = {isa = PBXFileReference; lastKnownFileType = file.storyboard; name = Base; path = Base.lproj/LaunchScreen.storyboard; sourceTree = "<group>"; };
		0635082F1D99B4B200FA61D7 /* Info.plist */ = {isa = PBXFileReference; lastKnownFileType = text.plist.xml; path = Info.plist; sourceTree = "<group>"; };
		0685ABEC1D9AED550097A9A3 /* SampleVideo.mp4 */ = {isa = PBXFileReference; lastKnownFileType = file; path = SampleVideo.mp4; sourceTree = "<group>"; };
/* End PBXFileReference section */

/* Begin PBXFrameworksBuildPhase section */
		0635081D1D99B4B200FA61D7 /* Frameworks */ = {
			isa = PBXFrameworksBuildPhase;
			buildActionMask = 2147483647;
			files = (
			);
			runOnlyForDeploymentPostprocessing = 0;
		};
/* End PBXFrameworksBuildPhase section */

/* Begin PBXGroup section */
		063508171D99B4B200FA61D7 = {
			isa = PBXGroup;
			children = (
				063508221D99B4B200FA61D7 /* PlayingWithVideo */,
				063508211D99B4B200FA61D7 /* Products */,
			);
			sourceTree = "<group>";
		};
		063508211D99B4B200FA61D7 /* Products */ = {
			isa = PBXGroup;
			children = (
				063508201D99B4B200FA61D7 /* PlayingWithVideo.app */,
			);
			name = Products;
			sourceTree = "<group>";
		};
		063508221D99B4B200FA61D7 /* PlayingWithVideo */ = {
			isa = PBXGroup;
			children = (
				063508231D99B4B200FA61D7 /* AppDelegate.swift */,
				063508251D99B4B200FA61D7 /* ViewController.swift */,
				0685ABEC1D9AED550097A9A3 /* SampleVideo.mp4 */,
				063508271D99B4B200FA61D7 /* Main.storyboard */,
				0635082A1D99B4B200FA61D7 /* Assets.xcassets */,
				0635082C1D99B4B200FA61D7 /* LaunchScreen.storyboard */,
				0635082F1D99B4B200FA61D7 /* Info.plist */,
			);
			path = PlayingWithVideo;
			sourceTree = "<group>";
		};
/* End PBXGroup section */

/* Begin PBXNativeTarget section */
		0635081F1D99B4B200FA61D7 /* PlayingWithVideo */ = {
			isa = PBXNativeTarget;
			buildConfigurationList = 063508321D99B4B200FA61D7 /* Build configuration list for PBXNativeTarget "PlayingWithVideo" */;
			buildPhases = (
				0635081C1D99B4B200FA61D7 /* Sources */,
				0635081D1D99B4B200FA61D7 /* Frameworks */,
				0635081E1D99B4B200FA61D7 /* Resources */,
			);
			buildRules = (
			);
			dependencies = (
			);
			name = PlayingWithVideo;
			productName = PlayingWithVideo;
			productReference = 063508201D99B4B200FA61D7 /* PlayingWithVideo.app */;
			productType = "com.apple.product-type.application";
		};
/* End PBXNativeTarget section */

/* Begin PBXProject section */
		063508181D99B4B200FA61D7 /* Project object */ = {
			isa = PBXProject;
			attributes = {
				LastSwiftUpdateCheck = 0800;
				LastUpgradeCheck = 0800;
				ORGANIZATIONNAME = "Hossam Ghareeb";
				TargetAttributes = {
					0635081F1D99B4B200FA61D7 = {
						CreatedOnToolsVersion = 8.0;
						DevelopmentTeam = 3Q27BC9WV8;
						ProvisioningStyle = Automatic;
					};
				};
			};
			buildConfigurationList = 0635081B1D99B4B200FA61D7 /* Build configuration list for PBXProject "PlayingWithVideo" */;
			compatibilityVersion = "Xcode 3.2";
			developmentRegion = English;
			hasScannedForEncodings = 0;
			knownRegions = (
				en,
				Base,
			);
			mainGroup = 063508171D99B4B200FA61D7;
			productRefGroup = 063508211D99B4B200FA61D7 /* Products */;
			projectDirPath = "";
			projectRoot = "";
			targets = (
				0635081F1D99B4B200FA61D7 /* PlayingWithVideo */,
			);
		};
/* End PBXProject section */

/* Begin PBXResourcesBuildPhase section */
		0635081E1D99B4B200FA61D7 /* Resources */ = {
			isa = PBXResourcesBuildPhase;
			buildActionMask = 2147483647;
			files = (
				0635082E1D99B4B200FA61D7 /* LaunchScreen.storyboard in Resources */,
				0635082B1D99B4B200FA61D7 /* Assets.xcassets in Resources */,
				0685ABED1D9AED550097A9A3 /* SampleVideo.mp4 in Resources */,
				063508291D99B4B200FA61D7 /* Main.storyboard in Resources */,
			);
			runOnlyForDeploymentPostprocessing = 0;
		};
/* End PBXResourcesBuildPhase section */

/* Begin PBXSourcesBuildPhase section */
		0635081C1D99B4B200FA61D7 /* Sources */ = {
			isa = PBXSourcesBuildPhase;
			buildActionMask = 2147483647;
			files = (
				063508261D99B4B200FA61D7 /* ViewController.swift in Sources */,
				063508241D99B4B200FA61D7 /* AppDelegate.swift in Sources */,
			);
			runOnlyForDeploymentPostprocessing = 0;
		};
/* End PBXSourcesBuildPhase section */

/* Begin PBXVariantGroup section */
		063508271D99B4B200FA61D7 /* Main.storyboard */ = {
			isa = PBXVariantGroup;
			children = (
				063508281D99B4B200FA61D7 /* Base */,
			);
			name = Main.storyboard;
			sourceTree = "<group>";
		};
		0635082C1D99B4B200FA61D7 /* LaunchScreen.storyboard */ = {
			isa = PBXVariantGroup;
			children = (
				0635082D1D99B4B200FA61D7 /* Base */,
			);
			name = LaunchScreen.storyboard;
			sourceTree = "<group>";
		};
/* End PBXVariantGroup section */

/* Begin XCBuildConfiguration section */
		063508301D99B4B200FA61D7 /* Debug */ = {
			isa = XCBuildConfiguration;
			buildSettings = {
				ALWAYS_SEARCH_USER_PATHS = NO;
				CLANG_ANALYZER_NONNULL = YES;
				CLANG_CXX_LANGUAGE_STANDARD = "gnu++0x";
				CLANG_CXX_LIBRARY = "libc++";
				CLANG_ENABLE_MODULES = YES;
				CLANG_ENABLE_OBJC_ARC = YES;
				CLANG_WARN_BOOL_CONVERSION = YES;
				CLANG_WARN_CONSTANT_CONVERSION = YES;
				CLANG_WARN_DIRECT_OBJC_ISA_USAGE = YES_ERROR;
				CLANG_WARN_DOCUMENTATION_COMMENTS = YES;
				CLANG_WARN_EMPTY_BODY = YES;
				CLANG_WARN_ENUM_CONVERSION = YES;
				CLANG_WARN_INFINITE_RECURSION = YES;
				CLANG_WARN_INT_CONVERSION = YES;
				CLANG_WARN_OBJC_ROOT_CLASS = YES_ERROR;
				CLANG_WARN_SUSPICIOUS_MOVES = YES;
				CLANG_WARN_UNREACHABLE_CODE = YES;
				CLANG_WARN__DUPLICATE_METHOD_MATCH = YES;
				"CODE_SIGN_IDENTITY[sdk=iphoneos*]" = "iPhone Developer";
				COPY_PHASE_STRIP = NO;
				DEBUG_INFORMATION_FORMAT = dwarf;
				ENABLE_STRICT_OBJC_MSGSEND = YES;
				ENABLE_TESTABILITY = YES;
				GCC_C_LANGUAGE_STANDARD = gnu99;
				GCC_DYNAMIC_NO_PIC = NO;
				GCC_NO_COMMON_BLOCKS = YES;
				GCC_OPTIMIZATION_LEVEL = 0;
				GCC_PREPROCESSOR_DEFINITIONS = (
					"DEBUG=1",
					"$(inherited)",
				);
				GCC_WARN_64_TO_32_BIT_CONVERSION = YES;
				GCC_WARN_ABOUT_RETURN_TYPE = YES_ERROR;
				GCC_WARN_UNDECLARED_SELECTOR = YES;
				GCC_WARN_UNINITIALIZED_AUTOS = YES_AGGRESSIVE;
				GCC_WARN_UNUSED_FUNCTION = YES;
				GCC_WARN_UNUSED_VARIABLE = YES;
				IPHONEOS_DEPLOYMENT_TARGET = 10.0;
				MTL_ENABLE_DEBUG_INFO = YES;
				ONLY_ACTIVE_ARCH = YES;
				SDKROOT = iphoneos;
				SWIFT_ACTIVE_COMPILATION_CONDITIONS = DEBUG;
				SWIFT_OPTIMIZATION_LEVEL = "-Onone";
			};
			name = Debug;
		};
		063508311D99B4B200FA61D7 /* Release */ = {
			isa = XCBuildConfiguration;
			buildSettings = {
				ALWAYS_SEARCH_USER_PATHS = NO;
				CLANG_ANALYZER_NONNULL = YES;
				CLANG_CXX_LANGUAGE_STANDARD = "gnu++0x";
				CLANG_CXX_LIBRARY = "libc++";
				CLANG_ENABLE_MODULES = YES;
				CLANG_ENABLE_OBJC_ARC = YES;
				CLANG_WARN_BOOL_CONVERSION = YES;
				CLANG_WARN_CONSTANT_CONVERSION = YES;
				CLANG_WARN_DIRECT_OBJC_ISA_USAGE = YES_ERROR;
				CLANG_WARN_DOCUMENTATION_COMMENTS = YES;
				CLANG_WARN_EMPTY_BODY = YES;
				CLANG_WARN_ENUM_CONVERSION = YES;
				CLANG_WARN_INFINITE_RECURSION = YES;
				CLANG_WARN_INT_CONVERSION = YES;
				CLANG_WARN_OBJC_ROOT_CLASS = YES_ERROR;
				CLANG_WARN_SUSPICIOUS_MOVES = YES;
				CLANG_WARN_UNREACHABLE_CODE = YES;
				CLANG_WARN__DUPLICATE_METHOD_MATCH = YES;
				"CODE_SIGN_IDENTITY[sdk=iphoneos*]" = "iPhone Developer";
				COPY_PHASE_STRIP = NO;
				DEBUG_INFORMATION_FORMAT = "dwarf-with-dsym";
				ENABLE_NS_ASSERTIONS = NO;
				ENABLE_STRICT_OBJC_MSGSEND = YES;
				GCC_C_LANGUAGE_STANDARD = gnu99;
				GCC_NO_COMMON_BLOCKS = YES;
				GCC_WARN_64_TO_32_BIT_CONVERSION = YES;
				GCC_WARN_ABOUT_RETURN_TYPE = YES_ERROR;
				GCC_WARN_UNDECLARED_SELECTOR = YES;
				GCC_WARN_UNINITIALIZED_AUTOS = YES_AGGRESSIVE;
				GCC_WARN_UNUSED_FUNCTION = YES;
				GCC_WARN_UNUSED_VARIABLE = YES;
				IPHONEOS_DEPLOYMENT_TARGET = 10.0;
				MTL_ENABLE_DEBUG_INFO = NO;
				SDKROOT = iphoneos;
				SWIFT_OPTIMIZATION_LEVEL = "-Owholemodule";
				VALIDATE_PRODUCT = YES;
			};
			name = Release;
		};
		063508331D99B4B200FA61D7 /* Debug */ = {
			isa = XCBuildConfiguration;
			buildSettings = {
				ASSETCATALOG_COMPILER_APPICON_NAME = AppIcon;
				DEVELOPMENT_TEAM = 3Q27BC9WV8;
				INFOPLIST_FILE = PlayingWithVideo/Info.plist;
				LD_RUNPATH_SEARCH_PATHS = "$(inherited) @executable_path/Frameworks";
				PRODUCT_BUNDLE_IDENTIFIER = hossam.PlayingWithVideo;
				PRODUCT_NAME = "$(TARGET_NAME)";
				SWIFT_VERSION = 3.0;
			};
			name = Debug;
		};
		063508341D99B4B200FA61D7 /* Release */ = {
			isa = XCBuildConfiguration;
			buildSettings = {
				ASSETCATALOG_COMPILER_APPICON_NAME = AppIcon;
				DEVELOPMENT_TEAM = 3Q27BC9WV8;
				INFOPLIST_FILE = PlayingWithVideo/Info.plist;
				LD_RUNPATH_SEARCH_PATHS = "$(inherited) @executable_path/Frameworks";
				PRODUCT_BUNDLE_IDENTIFIER = hossam.PlayingWithVideo;
				PRODUCT_NAME = "$(TARGET_NAME)";
				SWIFT_VERSION = 3.0;
			};
			name = Release;
		};
/* End XCBuildConfiguration section */

/* Begin XCConfigurationList section */
		0635081B1D99B4B200FA61D7 /* Build configuration list for PBXProject "PlayingWithVideo" */ = {
			isa = XCConfigurationList;
			buildConfigurations = (
				063508301D99B4B200FA61D7 /* Debug */,
				063508311D99B4B200FA61D7 /* Release */,
			);
			defaultConfigurationIsVisible = 0;
			defaultConfigurationName = Release;
		};
		063508321D99B4B200FA61D7 /* Build configuration list for PBXNativeTarget "PlayingWithVideo" */ = {
			isa = XCConfigurationList;
			buildConfigurations = (
				063508331D99B4B200FA61D7 /* Debug */,
				063508341D99B4B200FA61D7 /* Release */,
			);
			defaultConfigurationIsVisible = 0;
			defaultConfigurationName = Release;
		};
/* End XCConfigurationList section */
	};
	rootObject = 063508181D99B4B200FA61D7 /* Project object */;
}
